// !$*UTF8*$!
{
	archiveVersion = 1;
	classes = {
	};
	objectVersion = 46;
	objects = {

/* Begin PBXBuildFile section */
		8748B720150F6E0C00A2DE88 /* UIKit.framework in Frameworks */ = {isa = PBXBuildFile; fileRef = 8748B71F150F6E0C00A2DE88 /* UIKit.framework */; };
		8748B722150F6E0C00A2DE88 /* Foundation.framework in Frameworks */ = {isa = PBXBuildFile; fileRef = 8748B721150F6E0C00A2DE88 /* Foundation.framework */; };
		8748B724150F6E0C00A2DE88 /* CoreGraphics.framework in Frameworks */ = {isa = PBXBuildFile; fileRef = 8748B723150F6E0C00A2DE88 /* CoreGraphics.framework */; };
		8748B72A150F6E0C00A2DE88 /* InfoPlist.strings in Resources */ = {isa = PBXBuildFile; fileRef = 8748B728150F6E0C00A2DE88 /* InfoPlist.strings */; };
		8748B72C150F6E0C00A2DE88 /* main.m in Sources */ = {isa = PBXBuildFile; fileRef = 8748B72B150F6E0C00A2DE88 /* main.m */; };
		8748B730150F6E0D00A2DE88 /* CUAppDelegate.m in Sources */ = {isa = PBXBuildFile; fileRef = 8748B72F150F6E0D00A2DE88 /* CUAppDelegate.m */; };
		8748B733150F6E0D00A2DE88 /* CUViewController.m in Sources */ = {isa = PBXBuildFile; fileRef = 8748B732150F6E0D00A2DE88 /* CUViewController.m */; };
		8748B736150F6E0D00A2DE88 /* CUViewController.xib in Resources */ = {isa = PBXBuildFile; fileRef = 8748B734150F6E0D00A2DE88 /* CUViewController.xib */; };
		8748B742150F6E5500A2DE88 /* SystemConfiguration.framework in Frameworks */ = {isa = PBXBuildFile; fileRef = 8748B741150F6E5500A2DE88 /* SystemConfiguration.framework */; };
		8748B744150F6E5E00A2DE88 /* libz.1.2.5.dylib in Frameworks */ = {isa = PBXBuildFile; fileRef = 8748B743150F6E5E00A2DE88 /* libz.1.2.5.dylib */; };
		8748B746150F6E6600A2DE88 /* libxml2.2.7.3.dylib in Frameworks */ = {isa = PBXBuildFile; fileRef = 8748B745150F6E6600A2DE88 /* libxml2.2.7.3.dylib */; };
		8748B748150F6E8000A2DE88 /* CFNetwork.framework in Frameworks */ = {isa = PBXBuildFile; fileRef = 8748B747150F6E8000A2DE88 /* CFNetwork.framework */; };
		8748B74A150F6E8C00A2DE88 /* MobileCoreServices.framework in Frameworks */ = {isa = PBXBuildFile; fileRef = 8748B749150F6E8C00A2DE88 /* MobileCoreServices.framework */; };
		8748B804150F6EFD00A2DE88 /* CUShareCenter.m in Sources */ = {isa = PBXBuildFile; fileRef = 8748B803150F6EFD00A2DE88 /* CUShareCenter.m */; };
		8748B80F150F7A6800A2DE88 /* CUShareClient.m in Sources */ = {isa = PBXBuildFile; fileRef = 8748B80E150F7A6800A2DE88 /* CUShareClient.m */; };
		8748B87D150F7F2800A2DE88 /* CUSinaShareClient.m in Sources */ = {isa = PBXBuildFile; fileRef = 8748B87C150F7F2800A2DE88 /* CUSinaShareClient.m */; };
		877CB817151210580062D274 /* ASIAuthenticationDialog.m in Sources */ = {isa = PBXBuildFile; fileRef = 877CB77B151210580062D274 /* ASIAuthenticationDialog.m */; };
		877CB818151210580062D274 /* ASIDataCompressor.m in Sources */ = {isa = PBXBuildFile; fileRef = 877CB77E151210580062D274 /* ASIDataCompressor.m */; };
		877CB819151210580062D274 /* ASIDataDecompressor.m in Sources */ = {isa = PBXBuildFile; fileRef = 877CB780151210580062D274 /* ASIDataDecompressor.m */; };
		877CB81A151210580062D274 /* ASIDownloadCache.m in Sources */ = {isa = PBXBuildFile; fileRef = 877CB782151210580062D274 /* ASIDownloadCache.m */; };
		877CB81B151210580062D274 /* ASIFormDataRequest.m in Sources */ = {isa = PBXBuildFile; fileRef = 877CB784151210580062D274 /* ASIFormDataRequest.m */; };
		877CB81C151210580062D274 /* ASIHTTPRequest.m in Sources */ = {isa = PBXBuildFile; fileRef = 877CB786151210580062D274 /* ASIHTTPRequest.m */; };
		877CB81D151210580062D274 /* ASIInputStream.m in Sources */ = {isa = PBXBuildFile; fileRef = 877CB78A151210580062D274 /* ASIInputStream.m */; };
		877CB81E151210580062D274 /* ASINetworkQueue.m in Sources */ = {isa = PBXBuildFile; fileRef = 877CB78C151210580062D274 /* ASINetworkQueue.m */; };
		877CB81F151210580062D274 /* ASIWebPageRequest.m in Sources */ = {isa = PBXBuildFile; fileRef = 877CB790151210580062D274 /* ASIWebPageRequest.m */; };
		877CB820151210580062D274 /* ASICloudFilesCDNRequest.m in Sources */ = {isa = PBXBuildFile; fileRef = 877CB793151210580062D274 /* ASICloudFilesCDNRequest.m */; };
		877CB821151210580062D274 /* ASICloudFilesContainer.m in Sources */ = {isa = PBXBuildFile; fileRef = 877CB795151210580062D274 /* ASICloudFilesContainer.m */; };
		877CB822151210580062D274 /* ASICloudFilesContainerRequest.m in Sources */ = {isa = PBXBuildFile; fileRef = 877CB797151210580062D274 /* ASICloudFilesContainerRequest.m */; };
		877CB823151210580062D274 /* ASICloudFilesContainerXMLParserDelegate.m in Sources */ = {isa = PBXBuildFile; fileRef = 877CB799151210580062D274 /* ASICloudFilesContainerXMLParserDelegate.m */; };
		877CB824151210580062D274 /* ASICloudFilesObject.m in Sources */ = {isa = PBXBuildFile; fileRef = 877CB79B151210580062D274 /* ASICloudFilesObject.m */; };
		877CB825151210580062D274 /* ASICloudFilesObjectRequest.m in Sources */ = {isa = PBXBuildFile; fileRef = 877CB79D151210580062D274 /* ASICloudFilesObjectRequest.m */; };
		877CB826151210580062D274 /* ASICloudFilesRequest.m in Sources */ = {isa = PBXBuildFile; fileRef = 877CB79F151210580062D274 /* ASICloudFilesRequest.m */; };
		877CB827151210580062D274 /* Reachability.m in Sources */ = {isa = PBXBuildFile; fileRef = 877CB7A3151210580062D274 /* Reachability.m */; };
		877CB828151210580062D274 /* ASIS3Bucket.m in Sources */ = {isa = PBXBuildFile; fileRef = 877CB7A7151210580062D274 /* ASIS3Bucket.m */; };
		877CB829151210580062D274 /* ASIS3BucketObject.m in Sources */ = {isa = PBXBuildFile; fileRef = 877CB7A9151210580062D274 /* ASIS3BucketObject.m */; };
		877CB82A151210580062D274 /* ASIS3BucketRequest.m in Sources */ = {isa = PBXBuildFile; fileRef = 877CB7AB151210580062D274 /* ASIS3BucketRequest.m */; };
		877CB82B151210580062D274 /* ASIS3ObjectRequest.m in Sources */ = {isa = PBXBuildFile; fileRef = 877CB7AD151210580062D274 /* ASIS3ObjectRequest.m */; };
		877CB82C151210580062D274 /* ASIS3Request.m in Sources */ = {isa = PBXBuildFile; fileRef = 877CB7AF151210580062D274 /* ASIS3Request.m */; };
		877CB82D151210580062D274 /* ASIS3ServiceRequest.m in Sources */ = {isa = PBXBuildFile; fileRef = 877CB7B1151210580062D274 /* ASIS3ServiceRequest.m */; };
		877CB82E151210580062D274 /* GTMBase64.m in Sources */ = {isa = PBXBuildFile; fileRef = 877CB7B4151210580062D274 /* GTMBase64.m */; };
		877CB82F151210580062D274 /* NSObject+SBJSON.m in Sources */ = {isa = PBXBuildFile; fileRef = 877CB7B9151210580062D274 /* NSObject+SBJSON.m */; };
		877CB830151210580062D274 /* NSString+SBJSON.m in Sources */ = {isa = PBXBuildFile; fileRef = 877CB7BB151210580062D274 /* NSString+SBJSON.m */; };
		877CB831151210580062D274 /* SBJSON.m in Sources */ = {isa = PBXBuildFile; fileRef = 877CB7BD151210580062D274 /* SBJSON.m */; };
		877CB832151210580062D274 /* SBJsonBase.m in Sources */ = {isa = PBXBuildFile; fileRef = 877CB7BF151210580062D274 /* SBJsonBase.m */; };
		877CB833151210580062D274 /* SBJsonParser.m in Sources */ = {isa = PBXBuildFile; fileRef = 877CB7C1151210580062D274 /* SBJsonParser.m */; };
		877CB834151210580062D274 /* SBJsonStreamParser.m in Sources */ = {isa = PBXBuildFile; fileRef = 877CB7C3151210580062D274 /* SBJsonStreamParser.m */; };
		877CB835151210580062D274 /* SBJsonStreamParserAccumulator.m in Sources */ = {isa = PBXBuildFile; fileRef = 877CB7C5151210580062D274 /* SBJsonStreamParserAccumulator.m */; };
		877CB836151210580062D274 /* SBJsonStreamParserAdapter.m in Sources */ = {isa = PBXBuildFile; fileRef = 877CB7C7151210580062D274 /* SBJsonStreamParserAdapter.m */; };
		877CB837151210580062D274 /* SBJsonStreamParserState.m in Sources */ = {isa = PBXBuildFile; fileRef = 877CB7C9151210580062D274 /* SBJsonStreamParserState.m */; };
		877CB838151210580062D274 /* SBJsonStreamWriter.m in Sources */ = {isa = PBXBuildFile; fileRef = 877CB7CB151210580062D274 /* SBJsonStreamWriter.m */; };
		877CB839151210580062D274 /* SBJsonStreamWriterAccumulator.m in Sources */ = {isa = PBXBuildFile; fileRef = 877CB7CD151210580062D274 /* SBJsonStreamWriterAccumulator.m */; };
		877CB83A151210580062D274 /* SBJsonStreamWriterState.m in Sources */ = {isa = PBXBuildFile; fileRef = 877CB7CF151210580062D274 /* SBJsonStreamWriterState.m */; };
		877CB83B151210580062D274 /* SBJsonTokeniser.m in Sources */ = {isa = PBXBuildFile; fileRef = 877CB7D1151210580062D274 /* SBJsonTokeniser.m */; };
		877CB83C151210580062D274 /* SBJsonUTF8Stream.m in Sources */ = {isa = PBXBuildFile; fileRef = 877CB7D3151210580062D274 /* SBJsonUTF8Stream.m */; };
		877CB83D151210580062D274 /* SBJsonWriter.m in Sources */ = {isa = PBXBuildFile; fileRef = 877CB7D5151210580062D274 /* SBJsonWriter.m */; };
		877CB83E151210580062D274 /* Renren.m in Sources */ = {isa = PBXBuildFile; fileRef = 877CB7D8151210580062D274 /* Renren.m */; };
		877CB83F151210580062D274 /* ROBaseDialogViewController.m in Sources */ = {isa = PBXBuildFile; fileRef = 877CB7DC151210580062D274 /* ROBaseDialogViewController.m */; };
		877CB840151210580062D274 /* ROCheckDialogViewController.m in Sources */ = {isa = PBXBuildFile; fileRef = 877CB7DE151210580062D274 /* ROCheckDialogViewController.m */; };
		877CB841151210580062D274 /* ROWebDialogViewController.m in Sources */ = {isa = PBXBuildFile; fileRef = 877CB7E0151210580062D274 /* ROWebDialogViewController.m */; };
		877CB842151210580062D274 /* ROError.m in Sources */ = {isa = PBXBuildFile; fileRef = 877CB7E3151210580062D274 /* ROError.m */; };
		877CB843151210580062D274 /* ROBaseNavigationViewController.m in Sources */ = {isa = PBXBuildFile; fileRef = 877CB7E6151210580062D274 /* ROBaseNavigationViewController.m */; };
		877CB844151210580062D274 /* ROCheckNavigationViewController.m in Sources */ = {isa = PBXBuildFile; fileRef = 877CB7E8151210580062D274 /* ROCheckNavigationViewController.m */; };
		877CB845151210580062D274 /* ROWebNavigationViewController.m in Sources */ = {isa = PBXBuildFile; fileRef = 877CB7EA151210580062D274 /* ROWebNavigationViewController.m */; };
		877CB846151210580062D274 /* ROAlbumsInfoRequestParam.m in Sources */ = {isa = PBXBuildFile; fileRef = 877CB7EE151210580062D274 /* ROAlbumsInfoRequestParam.m */; };
		877CB847151210580062D274 /* ROPasswordFlowRequestParam.m in Sources */ = {isa = PBXBuildFile; fileRef = 877CB7F0151210580062D274 /* ROPasswordFlowRequestParam.m */; };
		877CB848151210580062D274 /* RORequestParam.m in Sources */ = {isa = PBXBuildFile; fileRef = 877CB7F2151210580062D274 /* RORequestParam.m */; };
		877CB849151210580062D274 /* ROUserInfoRequestParam.m in Sources */ = {isa = PBXBuildFile; fileRef = 877CB7F4151210580062D274 /* ROUserInfoRequestParam.m */; };
		877CB84A151210580062D274 /* ROAlbumResponseltem.m in Sources */ = {isa = PBXBuildFile; fileRef = 877CB7F7151210580062D274 /* ROAlbumResponseltem.m */; };
		877CB84B151210580062D274 /* ROResponseItem.m in Sources */ = {isa = PBXBuildFile; fileRef = 877CB7F9151210580062D274 /* ROResponseItem.m */; };
		877CB84C151210580062D274 /* ROUserResponseItem.m in Sources */ = {isa = PBXBuildFile; fileRef = 877CB7FB151210580062D274 /* ROUserResponseItem.m */; };
		877CB84D151210580062D274 /* RORequest.m in Sources */ = {isa = PBXBuildFile; fileRef = 877CB7FD151210580062D274 /* RORequest.m */; };
		877CB84E151210580062D274 /* ROResponse.m in Sources */ = {isa = PBXBuildFile; fileRef = 877CB7FF151210580062D274 /* ROResponse.m */; };
		877CB84F151210580062D274 /* ROUtility.m in Sources */ = {isa = PBXBuildFile; fileRef = 877CB803151210580062D274 /* ROUtility.m */; };
		877CB850151210580062D274 /* SFHFKeychainUtils.m in Sources */ = {isa = PBXBuildFile; fileRef = 877CB806151210580062D274 /* SFHFKeychainUtils.m */; };
		877CB851151210580062D274 /* WBAuthorize.m in Sources */ = {isa = PBXBuildFile; fileRef = 877CB809151210580062D274 /* WBAuthorize.m */; };
		877CB852151210580062D274 /* WBAuthorizeWebView.m in Sources */ = {isa = PBXBuildFile; fileRef = 877CB80B151210580062D274 /* WBAuthorizeWebView.m */; };
		877CB853151210580062D274 /* WBEngine.m in Sources */ = {isa = PBXBuildFile; fileRef = 877CB80D151210580062D274 /* WBEngine.m */; };
		877CB854151210580062D274 /* WBLogInAlertView.m in Sources */ = {isa = PBXBuildFile; fileRef = 877CB80F151210580062D274 /* WBLogInAlertView.m */; };
		877CB855151210580062D274 /* WBRequest.m in Sources */ = {isa = PBXBuildFile; fileRef = 877CB811151210580062D274 /* WBRequest.m */; };
		877CB856151210580062D274 /* WBSendView.m in Sources */ = {isa = PBXBuildFile; fileRef = 877CB814151210580062D274 /* WBSendView.m */; };
		877CB857151210580062D274 /* WBUtil.m in Sources */ = {isa = PBXBuildFile; fileRef = 877CB816151210580062D274 /* WBUtil.m */; };
		87869A70151080C40079D8FC /* test.jpg in Resources */ = {isa = PBXBuildFile; fileRef = 87869A6F151080C40079D8FC /* test.jpg */; };
		87869AC915108E700079D8FC /* CURenrenShareClient.m in Sources */ = {isa = PBXBuildFile; fileRef = 87869AC815108E700079D8FC /* CURenrenShareClient.m */; };
		87896A6815118BC300D6189C /* Security.framework in Frameworks */ = {isa = PBXBuildFile; fileRef = 87896A6715118BC300D6189C /* Security.framework */; };
/* End PBXBuildFile section */

/* Begin PBXFileReference section */
		8748B71B150F6E0C00A2DE88 /* ShareCenterExample.app */ = {isa = PBXFileReference; explicitFileType = wrapper.application; includeInIndex = 0; path = ShareCenterExample.app; sourceTree = BUILT_PRODUCTS_DIR; };
		8748B71F150F6E0C00A2DE88 /* UIKit.framework */ = {isa = PBXFileReference; lastKnownFileType = wrapper.framework; name = UIKit.framework; path = System/Library/Frameworks/UIKit.framework; sourceTree = SDKROOT; };
		8748B721150F6E0C00A2DE88 /* Foundation.framework */ = {isa = PBXFileReference; lastKnownFileType = wrapper.framework; name = Foundation.framework; path = System/Library/Frameworks/Foundation.framework; sourceTree = SDKROOT; };
		8748B723150F6E0C00A2DE88 /* CoreGraphics.framework */ = {isa = PBXFileReference; lastKnownFileType = wrapper.framework; name = CoreGraphics.framework; path = System/Library/Frameworks/CoreGraphics.framework; sourceTree = SDKROOT; };
		8748B727150F6E0C00A2DE88 /* ShareCenterExample-Info.plist */ = {isa = PBXFileReference; lastKnownFileType = text.plist.xml; path = "ShareCenterExample-Info.plist"; sourceTree = "<group>"; };
		8748B729150F6E0C00A2DE88 /* en */ = {isa = PBXFileReference; lastKnownFileType = text.plist.strings; name = en; path = en.lproj/InfoPlist.strings; sourceTree = "<group>"; };
		8748B72B150F6E0C00A2DE88 /* main.m */ = {isa = PBXFileReference; lastKnownFileType = sourcecode.c.objc; path = main.m; sourceTree = "<group>"; };
		8748B72D150F6E0C00A2DE88 /* ShareCenterExample-Prefix.pch */ = {isa = PBXFileReference; lastKnownFileType = sourcecode.c.h; path = "ShareCenterExample-Prefix.pch"; sourceTree = "<group>"; };
		8748B72E150F6E0D00A2DE88 /* CUAppDelegate.h */ = {isa = PBXFileReference; lastKnownFileType = sourcecode.c.h; path = CUAppDelegate.h; sourceTree = "<group>"; };
		8748B72F150F6E0D00A2DE88 /* CUAppDelegate.m */ = {isa = PBXFileReference; lastKnownFileType = sourcecode.c.objc; path = CUAppDelegate.m; sourceTree = "<group>"; };
		8748B731150F6E0D00A2DE88 /* CUViewController.h */ = {isa = PBXFileReference; lastKnownFileType = sourcecode.c.h; path = CUViewController.h; sourceTree = "<group>"; };
		8748B732150F6E0D00A2DE88 /* CUViewController.m */ = {isa = PBXFileReference; lastKnownFileType = sourcecode.c.objc; path = CUViewController.m; sourceTree = "<group>"; };
		8748B735150F6E0D00A2DE88 /* en */ = {isa = PBXFileReference; lastKnownFileType = file.xib; name = en; path = en.lproj/CUViewController.xib; sourceTree = "<group>"; };
		8748B741150F6E5500A2DE88 /* SystemConfiguration.framework */ = {isa = PBXFileReference; lastKnownFileType = wrapper.framework; name = SystemConfiguration.framework; path = System/Library/Frameworks/SystemConfiguration.framework; sourceTree = SDKROOT; };
		8748B743150F6E5E00A2DE88 /* libz.1.2.5.dylib */ = {isa = PBXFileReference; lastKnownFileType = "compiled.mach-o.dylib"; name = libz.1.2.5.dylib; path = usr/lib/libz.1.2.5.dylib; sourceTree = SDKROOT; };
		8748B745150F6E6600A2DE88 /* libxml2.2.7.3.dylib */ = {isa = PBXFileReference; lastKnownFileType = "compiled.mach-o.dylib"; name = libxml2.2.7.3.dylib; path = usr/lib/libxml2.2.7.3.dylib; sourceTree = SDKROOT; };
		8748B747150F6E8000A2DE88 /* CFNetwork.framework */ = {isa = PBXFileReference; lastKnownFileType = wrapper.framework; name = CFNetwork.framework; path = System/Library/Frameworks/CFNetwork.framework; sourceTree = SDKROOT; };
		8748B749150F6E8C00A2DE88 /* MobileCoreServices.framework */ = {isa = PBXFileReference; lastKnownFileType = wrapper.framework; name = MobileCoreServices.framework; path = System/Library/Frameworks/MobileCoreServices.framework; sourceTree = SDKROOT; };
		8748B802150F6EFD00A2DE88 /* CUShareCenter.h */ = {isa = PBXFileReference; fileEncoding = 4; lastKnownFileType = sourcecode.c.h; path = CUShareCenter.h; sourceTree = "<group>"; };
		8748B803150F6EFD00A2DE88 /* CUShareCenter.m */ = {isa = PBXFileReference; fileEncoding = 4; lastKnownFileType = sourcecode.c.objc; path = CUShareCenter.m; sourceTree = "<group>"; };
		8748B80D150F7A6800A2DE88 /* CUShareClient.h */ = {isa = PBXFileReference; fileEncoding = 4; lastKnownFileType = sourcecode.c.h; path = CUShareClient.h; sourceTree = "<group>"; };
		8748B80E150F7A6800A2DE88 /* CUShareClient.m */ = {isa = PBXFileReference; fileEncoding = 4; lastKnownFileType = sourcecode.c.objc; path = CUShareClient.m; sourceTree = "<group>"; };
		8748B87B150F7F2800A2DE88 /* CUSinaShareClient.h */ = {isa = PBXFileReference; fileEncoding = 4; lastKnownFileType = sourcecode.c.h; path = CUSinaShareClient.h; sourceTree = "<group>"; };
		8748B87C150F7F2800A2DE88 /* CUSinaShareClient.m */ = {isa = PBXFileReference; fileEncoding = 4; lastKnownFileType = sourcecode.c.objc; path = CUSinaShareClient.m; sourceTree = "<group>"; };
		877CB77A151210580062D274 /* ASIAuthenticationDialog.h */ = {isa = PBXFileReference; fileEncoding = 4; lastKnownFileType = sourcecode.c.h; path = ASIAuthenticationDialog.h; sourceTree = "<group>"; };
		877CB77B151210580062D274 /* ASIAuthenticationDialog.m */ = {isa = PBXFileReference; fileEncoding = 4; lastKnownFileType = sourcecode.c.objc; path = ASIAuthenticationDialog.m; sourceTree = "<group>"; };
		877CB77C151210580062D274 /* ASICacheDelegate.h */ = {isa = PBXFileReference; fileEncoding = 4; lastKnownFileType = sourcecode.c.h; path = ASICacheDelegate.h; sourceTree = "<group>"; };
		877CB77D151210580062D274 /* ASIDataCompressor.h */ = {isa = PBXFileReference; fileEncoding = 4; lastKnownFileType = sourcecode.c.h; path = ASIDataCompressor.h; sourceTree = "<group>"; };
		877CB77E151210580062D274 /* ASIDataCompressor.m */ = {isa = PBXFileReference; fileEncoding = 4; lastKnownFileType = sourcecode.c.objc; path = ASIDataCompressor.m; sourceTree = "<group>"; };
		877CB77F151210580062D274 /* ASIDataDecompressor.h */ = {isa = PBXFileReference; fileEncoding = 4; lastKnownFileType = sourcecode.c.h; path = ASIDataDecompressor.h; sourceTree = "<group>"; };
		877CB780151210580062D274 /* ASIDataDecompressor.m */ = {isa = PBXFileReference; fileEncoding = 4; lastKnownFileType = sourcecode.c.objc; path = ASIDataDecompressor.m; sourceTree = "<group>"; };
		877CB781151210580062D274 /* ASIDownloadCache.h */ = {isa = PBXFileReference; fileEncoding = 4; lastKnownFileType = sourcecode.c.h; path = ASIDownloadCache.h; sourceTree = "<group>"; };
		877CB782151210580062D274 /* ASIDownloadCache.m */ = {isa = PBXFileReference; fileEncoding = 4; lastKnownFileType = sourcecode.c.objc; path = ASIDownloadCache.m; sourceTree = "<group>"; };
		877CB783151210580062D274 /* ASIFormDataRequest.h */ = {isa = PBXFileReference; fileEncoding = 4; lastKnownFileType = sourcecode.c.h; path = ASIFormDataRequest.h; sourceTree = "<group>"; };
		877CB784151210580062D274 /* ASIFormDataRequest.m */ = {isa = PBXFileReference; fileEncoding = 4; lastKnownFileType = sourcecode.c.objc; path = ASIFormDataRequest.m; sourceTree = "<group>"; };
		877CB785151210580062D274 /* ASIHTTPRequest.h */ = {isa = PBXFileReference; fileEncoding = 4; lastKnownFileType = sourcecode.c.h; path = ASIHTTPRequest.h; sourceTree = "<group>"; };
		877CB786151210580062D274 /* ASIHTTPRequest.m */ = {isa = PBXFileReference; fileEncoding = 4; lastKnownFileType = sourcecode.c.objc; path = ASIHTTPRequest.m; sourceTree = "<group>"; };
		877CB787151210580062D274 /* ASIHTTPRequestConfig.h */ = {isa = PBXFileReference; fileEncoding = 4; lastKnownFileType = sourcecode.c.h; path = ASIHTTPRequestConfig.h; sourceTree = "<group>"; };
		877CB788151210580062D274 /* ASIHTTPRequestDelegate.h */ = {isa = PBXFileReference; fileEncoding = 4; lastKnownFileType = sourcecode.c.h; path = ASIHTTPRequestDelegate.h; sourceTree = "<group>"; };
		877CB789151210580062D274 /* ASIInputStream.h */ = {isa = PBXFileReference; fileEncoding = 4; lastKnownFileType = sourcecode.c.h; path = ASIInputStream.h; sourceTree = "<group>"; };
		877CB78A151210580062D274 /* ASIInputStream.m */ = {isa = PBXFileReference; fileEncoding = 4; lastKnownFileType = sourcecode.c.objc; path = ASIInputStream.m; sourceTree = "<group>"; };
		877CB78B151210580062D274 /* ASINetworkQueue.h */ = {isa = PBXFileReference; fileEncoding = 4; lastKnownFileType = sourcecode.c.h; path = ASINetworkQueue.h; sourceTree = "<group>"; };
		877CB78C151210580062D274 /* ASINetworkQueue.m */ = {isa = PBXFileReference; fileEncoding = 4; lastKnownFileType = sourcecode.c.objc; path = ASINetworkQueue.m; sourceTree = "<group>"; };
		877CB78D151210580062D274 /* ASIProgressDelegate.h */ = {isa = PBXFileReference; fileEncoding = 4; lastKnownFileType = sourcecode.c.h; path = ASIProgressDelegate.h; sourceTree = "<group>"; };
		877CB78F151210580062D274 /* ASIWebPageRequest.h */ = {isa = PBXFileReference; fileEncoding = 4; lastKnownFileType = sourcecode.c.h; path = ASIWebPageRequest.h; sourceTree = "<group>"; };
		877CB790151210580062D274 /* ASIWebPageRequest.m */ = {isa = PBXFileReference; fileEncoding = 4; lastKnownFileType = sourcecode.c.objc; path = ASIWebPageRequest.m; sourceTree = "<group>"; };
		877CB792151210580062D274 /* ASICloudFilesCDNRequest.h */ = {isa = PBXFileReference; fileEncoding = 4; lastKnownFileType = sourcecode.c.h; path = ASICloudFilesCDNRequest.h; sourceTree = "<group>"; };
		877CB793151210580062D274 /* ASICloudFilesCDNRequest.m */ = {isa = PBXFileReference; fileEncoding = 4; lastKnownFileType = sourcecode.c.objc; path = ASICloudFilesCDNRequest.m; sourceTree = "<group>"; };
		877CB794151210580062D274 /* ASICloudFilesContainer.h */ = {isa = PBXFileReference; fileEncoding = 4; lastKnownFileType = sourcecode.c.h; path = ASICloudFilesContainer.h; sourceTree = "<group>"; };
		877CB795151210580062D274 /* ASICloudFilesContainer.m */ = {isa = PBXFileReference; fileEncoding = 4; lastKnownFileType = sourcecode.c.objc; path = ASICloudFilesContainer.m; sourceTree = "<group>"; };
		877CB796151210580062D274 /* ASICloudFilesContainerRequest.h */ = {isa = PBXFileReference; fileEncoding = 4; lastKnownFileType = sourcecode.c.h; path = ASICloudFilesContainerRequest.h; sourceTree = "<group>"; };
		877CB797151210580062D274 /* ASICloudFilesContainerRequest.m */ = {isa = PBXFileReference; fileEncoding = 4; lastKnownFileType = sourcecode.c.objc; path = ASICloudFilesContainerRequest.m; sourceTree = "<group>"; };
		877CB798151210580062D274 /* ASICloudFilesContainerXMLParserDelegate.h */ = {isa = PBXFileReference; fileEncoding = 4; lastKnownFileType = sourcecode.c.h; path = ASICloudFilesContainerXMLParserDelegate.h; sourceTree = "<group>"; };
		877CB799151210580062D274 /* ASICloudFilesContainerXMLParserDelegate.m */ = {isa = PBXFileReference; fileEncoding = 4; lastKnownFileType = sourcecode.c.objc; path = ASICloudFilesContainerXMLParserDelegate.m; sourceTree = "<group>"; };
		877CB79A151210580062D274 /* ASICloudFilesObject.h */ = {isa = PBXFileReference; fileEncoding = 4; lastKnownFileType = sourcecode.c.h; path = ASICloudFilesObject.h; sourceTree = "<group>"; };
		877CB79B151210580062D274 /* ASICloudFilesObject.m */ = {isa = PBXFileReference; fileEncoding = 4; lastKnownFileType = sourcecode.c.objc; path = ASICloudFilesObject.m; sourceTree = "<group>"; };
		877CB79C151210580062D274 /* ASICloudFilesObjectRequest.h */ = {isa = PBXFileReference; fileEncoding = 4; lastKnownFileType = sourcecode.c.h; path = ASICloudFilesObjectRequest.h; sourceTree = "<group>"; };
		877CB79D151210580062D274 /* ASICloudFilesObjectRequest.m */ = {isa = PBXFileReference; fileEncoding = 4; lastKnownFileType = sourcecode.c.objc; path = ASICloudFilesObjectRequest.m; sourceTree = "<group>"; };
		877CB79E151210580062D274 /* ASICloudFilesRequest.h */ = {isa = PBXFileReference; fileEncoding = 4; lastKnownFileType = sourcecode.c.h; path = ASICloudFilesRequest.h; sourceTree = "<group>"; };
		877CB79F151210580062D274 /* ASICloudFilesRequest.m */ = {isa = PBXFileReference; fileEncoding = 4; lastKnownFileType = sourcecode.c.objc; path = ASICloudFilesRequest.m; sourceTree = "<group>"; };
		877CB7A2151210580062D274 /* Reachability.h */ = {isa = PBXFileReference; fileEncoding = 4; lastKnownFileType = sourcecode.c.h; path = Reachability.h; sourceTree = "<group>"; };
		877CB7A3151210580062D274 /* Reachability.m */ = {isa = PBXFileReference; fileEncoding = 4; lastKnownFileType = sourcecode.c.objc; path = Reachability.m; sourceTree = "<group>"; };
		877CB7A5151210580062D274 /* ASINSXMLParserCompat.h */ = {isa = PBXFileReference; fileEncoding = 4; lastKnownFileType = sourcecode.c.h; path = ASINSXMLParserCompat.h; sourceTree = "<group>"; };
		877CB7A6151210580062D274 /* ASIS3Bucket.h */ = {isa = PBXFileReference; fileEncoding = 4; lastKnownFileType = sourcecode.c.h; path = ASIS3Bucket.h; sourceTree = "<group>"; };
		877CB7A7151210580062D274 /* ASIS3Bucket.m */ = {isa = PBXFileReference; fileEncoding = 4; lastKnownFileType = sourcecode.c.objc; path = ASIS3Bucket.m; sourceTree = "<group>"; };
		877CB7A8151210580062D274 /* ASIS3BucketObject.h */ = {isa = PBXFileReference; fileEncoding = 4; lastKnownFileType = sourcecode.c.h; path = ASIS3BucketObject.h; sourceTree = "<group>"; };
		877CB7A9151210580062D274 /* ASIS3BucketObject.m */ = {isa = PBXFileReference; fileEncoding = 4; lastKnownFileType = sourcecode.c.objc; path = ASIS3BucketObject.m; sourceTree = "<group>"; };
		877CB7AA151210580062D274 /* ASIS3BucketRequest.h */ = {isa = PBXFileReference; fileEncoding = 4; lastKnownFileType = sourcecode.c.h; path = ASIS3BucketRequest.h; sourceTree = "<group>"; };
		877CB7AB151210580062D274 /* ASIS3BucketRequest.m */ = {isa = PBXFileReference; fileEncoding = 4; lastKnownFileType = sourcecode.c.objc; path = ASIS3BucketRequest.m; sourceTree = "<group>"; };
		877CB7AC151210580062D274 /* ASIS3ObjectRequest.h */ = {isa = PBXFileReference; fileEncoding = 4; lastKnownFileType = sourcecode.c.h; path = ASIS3ObjectRequest.h; sourceTree = "<group>"; };
		877CB7AD151210580062D274 /* ASIS3ObjectRequest.m */ = {isa = PBXFileReference; fileEncoding = 4; lastKnownFileType = sourcecode.c.objc; path = ASIS3ObjectRequest.m; sourceTree = "<group>"; };
		877CB7AE151210580062D274 /* ASIS3Request.h */ = {isa = PBXFileReference; fileEncoding = 4; lastKnownFileType = sourcecode.c.h; path = ASIS3Request.h; sourceTree = "<group>"; };
		877CB7AF151210580062D274 /* ASIS3Request.m */ = {isa = PBXFileReference; fileEncoding = 4; lastKnownFileType = sourcecode.c.objc; path = ASIS3Request.m; sourceTree = "<group>"; };
		877CB7B0151210580062D274 /* ASIS3ServiceRequest.h */ = {isa = PBXFileReference; fileEncoding = 4; lastKnownFileType = sourcecode.c.h; path = ASIS3ServiceRequest.h; sourceTree = "<group>"; };
		877CB7B1151210580062D274 /* ASIS3ServiceRequest.m */ = {isa = PBXFileReference; fileEncoding = 4; lastKnownFileType = sourcecode.c.objc; path = ASIS3ServiceRequest.m; sourceTree = "<group>"; };
		877CB7B3151210580062D274 /* GTMBase64.h */ = {isa = PBXFileReference; fileEncoding = 4; lastKnownFileType = sourcecode.c.h; path = GTMBase64.h; sourceTree = "<group>"; };
		877CB7B4151210580062D274 /* GTMBase64.m */ = {isa = PBXFileReference; fileEncoding = 4; lastKnownFileType = sourcecode.c.objc; path = GTMBase64.m; sourceTree = "<group>"; };
		877CB7B5151210580062D274 /* GTMDefines.h */ = {isa = PBXFileReference; fileEncoding = 4; lastKnownFileType = sourcecode.c.h; path = GTMDefines.h; sourceTree = "<group>"; };
		877CB7B7151210580062D274 /* JSON.h */ = {isa = PBXFileReference; fileEncoding = 4; lastKnownFileType = sourcecode.c.h; path = JSON.h; sourceTree = "<group>"; };
		877CB7B8151210580062D274 /* NSObject+SBJSON.h */ = {isa = PBXFileReference; fileEncoding = 4; lastKnownFileType = sourcecode.c.h; path = "NSObject+SBJSON.h"; sourceTree = "<group>"; };
		877CB7B9151210580062D274 /* NSObject+SBJSON.m */ = {isa = PBXFileReference; fileEncoding = 4; lastKnownFileType = sourcecode.c.objc; path = "NSObject+SBJSON.m"; sourceTree = "<group>"; };
		877CB7BA151210580062D274 /* NSString+SBJSON.h */ = {isa = PBXFileReference; fileEncoding = 4; lastKnownFileType = sourcecode.c.h; path = "NSString+SBJSON.h"; sourceTree = "<group>"; };
		877CB7BB151210580062D274 /* NSString+SBJSON.m */ = {isa = PBXFileReference; fileEncoding = 4; lastKnownFileType = sourcecode.c.objc; path = "NSString+SBJSON.m"; sourceTree = "<group>"; };
		877CB7BC151210580062D274 /* SBJSON.h */ = {isa = PBXFileReference; fileEncoding = 4; lastKnownFileType = sourcecode.c.h; path = SBJSON.h; sourceTree = "<group>"; };
		877CB7BD151210580062D274 /* SBJSON.m */ = {isa = PBXFileReference; fileEncoding = 4; lastKnownFileType = sourcecode.c.objc; path = SBJSON.m; sourceTree = "<group>"; };
		877CB7BE151210580062D274 /* SBJsonBase.h */ = {isa = PBXFileReference; fileEncoding = 4; lastKnownFileType = sourcecode.c.h; path = SBJsonBase.h; sourceTree = "<group>"; };
		877CB7BF151210580062D274 /* SBJsonBase.m */ = {isa = PBXFileReference; fileEncoding = 4; lastKnownFileType = sourcecode.c.objc; path = SBJsonBase.m; sourceTree = "<group>"; };
		877CB7C0151210580062D274 /* SBJsonParser.h */ = {isa = PBXFileReference; fileEncoding = 4; lastKnownFileType = sourcecode.c.h; path = SBJsonParser.h; sourceTree = "<group>"; };
		877CB7C1151210580062D274 /* SBJsonParser.m */ = {isa = PBXFileReference; fileEncoding = 4; lastKnownFileType = sourcecode.c.objc; path = SBJsonParser.m; sourceTree = "<group>"; };
		877CB7C2151210580062D274 /* SBJsonStreamParser.h */ = {isa = PBXFileReference; fileEncoding = 4; lastKnownFileType = sourcecode.c.h; path = SBJsonStreamParser.h; sourceTree = "<group>"; };
		877CB7C3151210580062D274 /* SBJsonStreamParser.m */ = {isa = PBXFileReference; fileEncoding = 4; lastKnownFileType = sourcecode.c.objc; path = SBJsonStreamParser.m; sourceTree = "<group>"; };
		877CB7C4151210580062D274 /* SBJsonStreamParserAccumulator.h */ = {isa = PBXFileReference; fileEncoding = 4; lastKnownFileType = sourcecode.c.h; path = SBJsonStreamParserAccumulator.h; sourceTree = "<group>"; };
		877CB7C5151210580062D274 /* SBJsonStreamParserAccumulator.m */ = {isa = PBXFileReference; fileEncoding = 4; lastKnownFileType = sourcecode.c.objc; path = SBJsonStreamParserAccumulator.m; sourceTree = "<group>"; };
		877CB7C6151210580062D274 /* SBJsonStreamParserAdapter.h */ = {isa = PBXFileReference; fileEncoding = 4; lastKnownFileType = sourcecode.c.h; path = SBJsonStreamParserAdapter.h; sourceTree = "<group>"; };
		877CB7C7151210580062D274 /* SBJsonStreamParserAdapter.m */ = {isa = PBXFileReference; fileEncoding = 4; lastKnownFileType = sourcecode.c.objc; path = SBJsonStreamParserAdapter.m; sourceTree = "<group>"; };
		877CB7C8151210580062D274 /* SBJsonStreamParserState.h */ = {isa = PBXFileReference; fileEncoding = 4; lastKnownFileType = sourcecode.c.h; path = SBJsonStreamParserState.h; sourceTree = "<group>"; };
		877CB7C9151210580062D274 /* SBJsonStreamParserState.m */ = {isa = PBXFileReference; fileEncoding = 4; lastKnownFileType = sourcecode.c.objc; path = SBJsonStreamParserState.m; sourceTree = "<group>"; };
		877CB7CA151210580062D274 /* SBJsonStreamWriter.h */ = {isa = PBXFileReference; fileEncoding = 4; lastKnownFileType = sourcecode.c.h; path = SBJsonStreamWriter.h; sourceTree = "<group>"; };
		877CB7CB151210580062D274 /* SBJsonStreamWriter.m */ = {isa = PBXFileReference; fileEncoding = 4; lastKnownFileType = sourcecode.c.objc; path = SBJsonStreamWriter.m; sourceTree = "<group>"; };
		877CB7CC151210580062D274 /* SBJsonStreamWriterAccumulator.h */ = {isa = PBXFileReference; fileEncoding = 4; lastKnownFileType = sourcecode.c.h; path = SBJsonStreamWriterAccumulator.h; sourceTree = "<group>"; };
		877CB7CD151210580062D274 /* SBJsonStreamWriterAccumulator.m */ = {isa = PBXFileReference; fileEncoding = 4; lastKnownFileType = sourcecode.c.objc; path = SBJsonStreamWriterAccumulator.m; sourceTree = "<group>"; };
		877CB7CE151210580062D274 /* SBJsonStreamWriterState.h */ = {isa = PBXFileReference; fileEncoding = 4; lastKnownFileType = sourcecode.c.h; path = SBJsonStreamWriterState.h; sourceTree = "<group>"; };
		877CB7CF151210580062D274 /* SBJsonStreamWriterState.m */ = {isa = PBXFileReference; fileEncoding = 4; lastKnownFileType = sourcecode.c.objc; path = SBJsonStreamWriterState.m; sourceTree = "<group>"; };
		877CB7D0151210580062D274 /* SBJsonTokeniser.h */ = {isa = PBXFileReference; fileEncoding = 4; lastKnownFileType = sourcecode.c.h; path = SBJsonTokeniser.h; sourceTree = "<group>"; };
		877CB7D1151210580062D274 /* SBJsonTokeniser.m */ = {isa = PBXFileReference; fileEncoding = 4; lastKnownFileType = sourcecode.c.objc; path = SBJsonTokeniser.m; sourceTree = "<group>"; };
		877CB7D2151210580062D274 /* SBJsonUTF8Stream.h */ = {isa = PBXFileReference; fileEncoding = 4; lastKnownFileType = sourcecode.c.h; path = SBJsonUTF8Stream.h; sourceTree = "<group>"; };
		877CB7D3151210580062D274 /* SBJsonUTF8Stream.m */ = {isa = PBXFileReference; fileEncoding = 4; lastKnownFileType = sourcecode.c.objc; path = SBJsonUTF8Stream.m; sourceTree = "<group>"; };
		877CB7D4151210580062D274 /* SBJsonWriter.h */ = {isa = PBXFileReference; fileEncoding = 4; lastKnownFileType = sourcecode.c.h; path = SBJsonWriter.h; sourceTree = "<group>"; };
		877CB7D5151210580062D274 /* SBJsonWriter.m */ = {isa = PBXFileReference; fileEncoding = 4; lastKnownFileType = sourcecode.c.objc; path = SBJsonWriter.m; sourceTree = "<group>"; };
		877CB7D7151210580062D274 /* Renren.h */ = {isa = PBXFileReference; fileEncoding = 4; lastKnownFileType = sourcecode.c.h; path = Renren.h; sourceTree = "<group>"; };
		877CB7D8151210580062D274 /* Renren.m */ = {isa = PBXFileReference; fileEncoding = 4; lastKnownFileType = sourcecode.c.objc; path = Renren.m; sourceTree = "<group>"; };
		877CB7D9151210580062D274 /* ROConnect.h */ = {isa = PBXFileReference; fileEncoding = 4; lastKnownFileType = sourcecode.c.h; path = ROConnect.h; sourceTree = "<group>"; };
		877CB7DB151210580062D274 /* ROBaseDialogViewController.h */ = {isa = PBXFileReference; fileEncoding = 4; lastKnownFileType = sourcecode.c.h; path = ROBaseDialogViewController.h; sourceTree = "<group>"; };
		877CB7DC151210580062D274 /* ROBaseDialogViewController.m */ = {isa = PBXFileReference; fileEncoding = 4; lastKnownFileType = sourcecode.c.objc; path = ROBaseDialogViewController.m; sourceTree = "<group>"; };
		877CB7DD151210580062D274 /* ROCheckDialogViewController.h */ = {isa = PBXFileReference; fileEncoding = 4; lastKnownFileType = sourcecode.c.h; path = ROCheckDialogViewController.h; sourceTree = "<group>"; };
		877CB7DE151210580062D274 /* ROCheckDialogViewController.m */ = {isa = PBXFileReference; fileEncoding = 4; lastKnownFileType = sourcecode.c.objc; path = ROCheckDialogViewController.m; sourceTree = "<group>"; };
		877CB7DF151210580062D274 /* ROWebDialogViewController.h */ = {isa = PBXFileReference; fileEncoding = 4; lastKnownFileType = sourcecode.c.h; path = ROWebDialogViewController.h; sourceTree = "<group>"; };
		877CB7E0151210580062D274 /* ROWebDialogViewController.m */ = {isa = PBXFileReference; fileEncoding = 4; lastKnownFileType = sourcecode.c.objc; path = ROWebDialogViewController.m; sourceTree = "<group>"; };
		877CB7E2151210580062D274 /* ROError.h */ = {isa = PBXFileReference; fileEncoding = 4; lastKnownFileType = sourcecode.c.h; path = ROError.h; sourceTree = "<group>"; };
		877CB7E3151210580062D274 /* ROError.m */ = {isa = PBXFileReference; fileEncoding = 4; lastKnownFileType = sourcecode.c.objc; path = ROError.m; sourceTree = "<group>"; };
		877CB7E5151210580062D274 /* ROBaseNavigationViewController.h */ = {isa = PBXFileReference; fileEncoding = 4; lastKnownFileType = sourcecode.c.h; path = ROBaseNavigationViewController.h; sourceTree = "<group>"; };
		877CB7E6151210580062D274 /* ROBaseNavigationViewController.m */ = {isa = PBXFileReference; fileEncoding = 4; lastKnownFileType = sourcecode.c.objc; path = ROBaseNavigationViewController.m; sourceTree = "<group>"; };
		877CB7E7151210580062D274 /* ROCheckNavigationViewController.h */ = {isa = PBXFileReference; fileEncoding = 4; lastKnownFileType = sourcecode.c.h; path = ROCheckNavigationViewController.h; sourceTree = "<group>"; };
		877CB7E8151210580062D274 /* ROCheckNavigationViewController.m */ = {isa = PBXFileReference; fileEncoding = 4; lastKnownFileType = sourcecode.c.objc; path = ROCheckNavigationViewController.m; sourceTree = "<group>"; };
		877CB7E9151210580062D274 /* ROWebNavigationViewController.h */ = {isa = PBXFileReference; fileEncoding = 4; lastKnownFileType = sourcecode.c.h; path = ROWebNavigationViewController.h; sourceTree = "<group>"; };
		877CB7EA151210580062D274 /* ROWebNavigationViewController.m */ = {isa = PBXFileReference; fileEncoding = 4; lastKnownFileType = sourcecode.c.objc; path = ROWebNavigationViewController.m; sourceTree = "<group>"; };
		877CB7ED151210580062D274 /* ROAlbumsInfoRequestParam.h */ = {isa = PBXFileReference; fileEncoding = 4; lastKnownFileType = sourcecode.c.h; path = ROAlbumsInfoRequestParam.h; sourceTree = "<group>"; };
		877CB7EE151210580062D274 /* ROAlbumsInfoRequestParam.m */ = {isa = PBXFileReference; fileEncoding = 4; lastKnownFileType = sourcecode.c.objc; path = ROAlbumsInfoRequestParam.m; sourceTree = "<group>"; };
		877CB7EF151210580062D274 /* ROPasswordFlowRequestParam.h */ = {isa = PBXFileReference; fileEncoding = 4; lastKnownFileType = sourcecode.c.h; path = ROPasswordFlowRequestParam.h; sourceTree = "<group>"; };
		877CB7F0151210580062D274 /* ROPasswordFlowRequestParam.m */ = {isa = PBXFileReference; fileEncoding = 4; lastKnownFileType = sourcecode.c.objc; path = ROPasswordFlowRequestParam.m; sourceTree = "<group>"; };
		877CB7F1151210580062D274 /* RORequestParam.h */ = {isa = PBXFileReference; fileEncoding = 4; lastKnownFileType = sourcecode.c.h; path = RORequestParam.h; sourceTree = "<group>"; };
		877CB7F2151210580062D274 /* RORequestParam.m */ = {isa = PBXFileReference; fileEncoding = 4; lastKnownFileType = sourcecode.c.objc; path = RORequestParam.m; sourceTree = "<group>"; };
		877CB7F3151210580062D274 /* ROUserInfoRequestParam.h */ = {isa = PBXFileReference; fileEncoding = 4; lastKnownFileType = sourcecode.c.h; path = ROUserInfoRequestParam.h; sourceTree = "<group>"; };
		877CB7F4151210580062D274 /* ROUserInfoRequestParam.m */ = {isa = PBXFileReference; fileEncoding = 4; lastKnownFileType = sourcecode.c.objc; path = ROUserInfoRequestParam.m; sourceTree = "<group>"; };
		877CB7F6151210580062D274 /* ROAlbumResponseltem.h */ = {isa = PBXFileReference; fileEncoding = 4; lastKnownFileType = sourcecode.c.h; path = ROAlbumResponseltem.h; sourceTree = "<group>"; };
		877CB7F7151210580062D274 /* ROAlbumResponseltem.m */ = {isa = PBXFileReference; fileEncoding = 4; lastKnownFileType = sourcecode.c.objc; path = ROAlbumResponseltem.m; sourceTree = "<group>"; };
		877CB7F8151210580062D274 /* ROResponseItem.h */ = {isa = PBXFileReference; fileEncoding = 4; lastKnownFileType = sourcecode.c.h; path = ROResponseItem.h; sourceTree = "<group>"; };
		877CB7F9151210580062D274 /* ROResponseItem.m */ = {isa = PBXFileReference; fileEncoding = 4; lastKnownFileType = sourcecode.c.objc; path = ROResponseItem.m; sourceTree = "<group>"; };
		877CB7FA151210580062D274 /* ROUserResponseItem.h */ = {isa = PBXFileReference; fileEncoding = 4; lastKnownFileType = sourcecode.c.h; path = ROUserResponseItem.h; sourceTree = "<group>"; };
		877CB7FB151210580062D274 /* ROUserResponseItem.m */ = {isa = PBXFileReference; fileEncoding = 4; lastKnownFileType = sourcecode.c.objc; path = ROUserResponseItem.m; sourceTree = "<group>"; };
		877CB7FC151210580062D274 /* RORequest.h */ = {isa = PBXFileReference; fileEncoding = 4; lastKnownFileType = sourcecode.c.h; path = RORequest.h; sourceTree = "<group>"; };
		877CB7FD151210580062D274 /* RORequest.m */ = {isa = PBXFileReference; fileEncoding = 4; lastKnownFileType = sourcecode.c.objc; path = RORequest.m; sourceTree = "<group>"; };
		877CB7FE151210580062D274 /* ROResponse.h */ = {isa = PBXFileReference; fileEncoding = 4; lastKnownFileType = sourcecode.c.h; path = ROResponse.h; sourceTree = "<group>"; };
		877CB7FF151210580062D274 /* ROResponse.m */ = {isa = PBXFileReference; fileEncoding = 4; lastKnownFileType = sourcecode.c.objc; path = ROResponse.m; sourceTree = "<group>"; };
		877CB801151210580062D274 /* ROMacroDef.h */ = {isa = PBXFileReference; fileEncoding = 4; lastKnownFileType = sourcecode.c.h; path = ROMacroDef.h; sourceTree = "<group>"; };
		877CB802151210580062D274 /* ROUtility.h */ = {isa = PBXFileReference; fileEncoding = 4; lastKnownFileType = sourcecode.c.h; path = ROUtility.h; sourceTree = "<group>"; };
		877CB803151210580062D274 /* ROUtility.m */ = {isa = PBXFileReference; fileEncoding = 4; lastKnownFileType = sourcecode.c.objc; path = ROUtility.m; sourceTree = "<group>"; };
		877CB805151210580062D274 /* SFHFKeychainUtils.h */ = {isa = PBXFileReference; fileEncoding = 4; lastKnownFileType = sourcecode.c.h; path = SFHFKeychainUtils.h; sourceTree = "<group>"; };
		877CB806151210580062D274 /* SFHFKeychainUtils.m */ = {isa = PBXFileReference; fileEncoding = 4; lastKnownFileType = sourcecode.c.objc; path = SFHFKeychainUtils.m; sourceTree = "<group>"; };
		877CB808151210580062D274 /* WBAuthorize.h */ = {isa = PBXFileReference; fileEncoding = 4; lastKnownFileType = sourcecode.c.h; path = WBAuthorize.h; sourceTree = "<group>"; };
		877CB809151210580062D274 /* WBAuthorize.m */ = {isa = PBXFileReference; fileEncoding = 4; lastKnownFileType = sourcecode.c.objc; path = WBAuthorize.m; sourceTree = "<group>"; };
		877CB80A151210580062D274 /* WBAuthorizeWebView.h */ = {isa = PBXFileReference; fileEncoding = 4; lastKnownFileType = sourcecode.c.h; path = WBAuthorizeWebView.h; sourceTree = "<group>"; };
		877CB80B151210580062D274 /* WBAuthorizeWebView.m */ = {isa = PBXFileReference; fileEncoding = 4; lastKnownFileType = sourcecode.c.objc; path = WBAuthorizeWebView.m; sourceTree = "<group>"; };
		877CB80C151210580062D274 /* WBEngine.h */ = {isa = PBXFileReference; fileEncoding = 4; lastKnownFileType = sourcecode.c.h; path = WBEngine.h; sourceTree = "<group>"; };
		877CB80D151210580062D274 /* WBEngine.m */ = {isa = PBXFileReference; fileEncoding = 4; lastKnownFileType = sourcecode.c.objc; path = WBEngine.m; sourceTree = "<group>"; };
		877CB80E151210580062D274 /* WBLogInAlertView.h */ = {isa = PBXFileReference; fileEncoding = 4; lastKnownFileType = sourcecode.c.h; path = WBLogInAlertView.h; sourceTree = "<group>"; };
		877CB80F151210580062D274 /* WBLogInAlertView.m */ = {isa = PBXFileReference; fileEncoding = 4; lastKnownFileType = sourcecode.c.objc; path = WBLogInAlertView.m; sourceTree = "<group>"; };
		877CB810151210580062D274 /* WBRequest.h */ = {isa = PBXFileReference; fileEncoding = 4; lastKnownFileType = sourcecode.c.h; path = WBRequest.h; sourceTree = "<group>"; };
		877CB811151210580062D274 /* WBRequest.m */ = {isa = PBXFileReference; fileEncoding = 4; lastKnownFileType = sourcecode.c.objc; path = WBRequest.m; sourceTree = "<group>"; };
		877CB812151210580062D274 /* WBSDKGlobal.h */ = {isa = PBXFileReference; fileEncoding = 4; lastKnownFileType = sourcecode.c.h; path = WBSDKGlobal.h; sourceTree = "<group>"; };
		877CB813151210580062D274 /* WBSendView.h */ = {isa = PBXFileReference; fileEncoding = 4; lastKnownFileType = sourcecode.c.h; path = WBSendView.h; sourceTree = "<group>"; };
		877CB814151210580062D274 /* WBSendView.m */ = {isa = PBXFileReference; fileEncoding = 4; lastKnownFileType = sourcecode.c.objc; path = WBSendView.m; sourceTree = "<group>"; };
		877CB815151210580062D274 /* WBUtil.h */ = {isa = PBXFileReference; fileEncoding = 4; lastKnownFileType = sourcecode.c.h; path = WBUtil.h; sourceTree = "<group>"; };
		877CB816151210580062D274 /* WBUtil.m */ = {isa = PBXFileReference; fileEncoding = 4; lastKnownFileType = sourcecode.c.objc; path = WBUtil.m; sourceTree = "<group>"; };
		87869A6F151080C40079D8FC /* test.jpg */ = {isa = PBXFileReference; lastKnownFileType = image.jpeg; path = test.jpg; sourceTree = "<group>"; };
		87869AC715108E700079D8FC /* CURenrenShareClient.h */ = {isa = PBXFileReference; fileEncoding = 4; lastKnownFileType = sourcecode.c.h; path = CURenrenShareClient.h; sourceTree = "<group>"; };
		87869AC815108E700079D8FC /* CURenrenShareClient.m */ = {isa = PBXFileReference; fileEncoding = 4; lastKnownFileType = sourcecode.c.objc; path = CURenrenShareClient.m; sourceTree = "<group>"; };
		87896A6715118BC300D6189C /* Security.framework */ = {isa = PBXFileReference; lastKnownFileType = wrapper.framework; name = Security.framework; path = System/Library/Frameworks/Security.framework; sourceTree = SDKROOT; };
/* End PBXFileReference section */

/* Begin PBXFrameworksBuildPhase section */
		8748B718150F6E0C00A2DE88 /* Frameworks */ = {
			isa = PBXFrameworksBuildPhase;
			buildActionMask = 2147483647;
			files = (
				87896A6815118BC300D6189C /* Security.framework in Frameworks */,
				8748B742150F6E5500A2DE88 /* SystemConfiguration.framework in Frameworks */,
				8748B74A150F6E8C00A2DE88 /* MobileCoreServices.framework in Frameworks */,
				8748B748150F6E8000A2DE88 /* CFNetwork.framework in Frameworks */,
				8748B746150F6E6600A2DE88 /* libxml2.2.7.3.dylib in Frameworks */,
				8748B744150F6E5E00A2DE88 /* libz.1.2.5.dylib in Frameworks */,
				8748B720150F6E0C00A2DE88 /* UIKit.framework in Frameworks */,
				8748B722150F6E0C00A2DE88 /* Foundation.framework in Frameworks */,
				8748B724150F6E0C00A2DE88 /* CoreGraphics.framework in Frameworks */,
			);
			runOnlyForDeploymentPostprocessing = 0;
		};
/* End PBXFrameworksBuildPhase section */

/* Begin PBXGroup section */
		8748B710150F6E0C00A2DE88 = {
			isa = PBXGroup;
			children = (
				8748B801150F6EE500A2DE88 /* ShareCenter */,
				8748B725150F6E0C00A2DE88 /* ShareCenterExample */,
				8748B71E150F6E0C00A2DE88 /* Frameworks */,
				8748B71C150F6E0C00A2DE88 /* Products */,
			);
			sourceTree = "<group>";
		};
		8748B71C150F6E0C00A2DE88 /* Products */ = {
			isa = PBXGroup;
			children = (
				8748B71B150F6E0C00A2DE88 /* ShareCenterExample.app */,
			);
			name = Products;
			sourceTree = "<group>";
		};
		8748B71E150F6E0C00A2DE88 /* Frameworks */ = {
			isa = PBXGroup;
			children = (
				87896A6715118BC300D6189C /* Security.framework */,
				8748B749150F6E8C00A2DE88 /* MobileCoreServices.framework */,
				8748B747150F6E8000A2DE88 /* CFNetwork.framework */,
				8748B745150F6E6600A2DE88 /* libxml2.2.7.3.dylib */,
				8748B743150F6E5E00A2DE88 /* libz.1.2.5.dylib */,
				8748B741150F6E5500A2DE88 /* SystemConfiguration.framework */,
				8748B71F150F6E0C00A2DE88 /* UIKit.framework */,
				8748B721150F6E0C00A2DE88 /* Foundation.framework */,
				8748B723150F6E0C00A2DE88 /* CoreGraphics.framework */,
			);
			name = Frameworks;
			sourceTree = "<group>";
		};
		8748B725150F6E0C00A2DE88 /* ShareCenterExample */ = {
			isa = PBXGroup;
			children = (
				87869A6F151080C40079D8FC /* test.jpg */,
				8748B72E150F6E0D00A2DE88 /* CUAppDelegate.h */,
				8748B72F150F6E0D00A2DE88 /* CUAppDelegate.m */,
				8748B731150F6E0D00A2DE88 /* CUViewController.h */,
				8748B732150F6E0D00A2DE88 /* CUViewController.m */,
				8748B734150F6E0D00A2DE88 /* CUViewController.xib */,
				8748B726150F6E0C00A2DE88 /* Supporting Files */,
			);
			path = ShareCenterExample;
			sourceTree = "<group>";
		};
		8748B726150F6E0C00A2DE88 /* Supporting Files */ = {
			isa = PBXGroup;
			children = (
				8748B727150F6E0C00A2DE88 /* ShareCenterExample-Info.plist */,
				8748B728150F6E0C00A2DE88 /* InfoPlist.strings */,
				8748B72B150F6E0C00A2DE88 /* main.m */,
				8748B72D150F6E0C00A2DE88 /* ShareCenterExample-Prefix.pch */,
			);
			name = "Supporting Files";
			sourceTree = "<group>";
		};
		8748B801150F6EE500A2DE88 /* ShareCenter */ = {
			isa = PBXGroup;
			children = (
				877CB778151210580062D274 /* Vender */,
				8748B802150F6EFD00A2DE88 /* CUShareCenter.h */,
				8748B803150F6EFD00A2DE88 /* CUShareCenter.m */,
				8748B80D150F7A6800A2DE88 /* CUShareClient.h */,
				8748B80E150F7A6800A2DE88 /* CUShareClient.m */,
				8748B87B150F7F2800A2DE88 /* CUSinaShareClient.h */,
				8748B87C150F7F2800A2DE88 /* CUSinaShareClient.m */,
				87869AC715108E700079D8FC /* CURenrenShareClient.h */,
				87869AC815108E700079D8FC /* CURenrenShareClient.m */,
			);
			path = ShareCenter;
			sourceTree = "<group>";
		};
		877CB778151210580062D274 /* Vender */ = {
			isa = PBXGroup;
			children = (
				877CB779151210580062D274 /* ASIHTTPRequest */,
				877CB7B2151210580062D274 /* CTMBase64 */,
				877CB7B6151210580062D274 /* JSON */,
				877CB7D6151210580062D274 /* Renren */,
				877CB804151210580062D274 /* SFHFKeychainUtils */,
				877CB807151210580062D274 /* sina */,
			);
			path = Vender;
			sourceTree = "<group>";
		};
		877CB779151210580062D274 /* ASIHTTPRequest */ = {
			isa = PBXGroup;
			children = (
				877CB77A151210580062D274 /* ASIAuthenticationDialog.h */,
				877CB77B151210580062D274 /* ASIAuthenticationDialog.m */,
				877CB77C151210580062D274 /* ASICacheDelegate.h */,
				877CB77D151210580062D274 /* ASIDataCompressor.h */,
				877CB77E151210580062D274 /* ASIDataCompressor.m */,
				877CB77F151210580062D274 /* ASIDataDecompressor.h */,
				877CB780151210580062D274 /* ASIDataDecompressor.m */,
				877CB781151210580062D274 /* ASIDownloadCache.h */,
				877CB782151210580062D274 /* ASIDownloadCache.m */,
				877CB783151210580062D274 /* ASIFormDataRequest.h */,
				877CB784151210580062D274 /* ASIFormDataRequest.m */,
				877CB785151210580062D274 /* ASIHTTPRequest.h */,
				877CB786151210580062D274 /* ASIHTTPRequest.m */,
				877CB787151210580062D274 /* ASIHTTPRequestConfig.h */,
				877CB788151210580062D274 /* ASIHTTPRequestDelegate.h */,
				877CB789151210580062D274 /* ASIInputStream.h */,
				877CB78A151210580062D274 /* ASIInputStream.m */,
				877CB78B151210580062D274 /* ASINetworkQueue.h */,
				877CB78C151210580062D274 /* ASINetworkQueue.m */,
				877CB78D151210580062D274 /* ASIProgressDelegate.h */,
				877CB78E151210580062D274 /* ASIWebPageRequest */,
				877CB791151210580062D274 /* CloudFiles */,
				877CB7A0151210580062D274 /* External */,
				877CB7A4151210580062D274 /* S3 */,
			);
			path = ASIHTTPRequest;
			sourceTree = "<group>";
		};
		877CB78E151210580062D274 /* ASIWebPageRequest */ = {
			isa = PBXGroup;
			children = (
				877CB78F151210580062D274 /* ASIWebPageRequest.h */,
				877CB790151210580062D274 /* ASIWebPageRequest.m */,
			);
			path = ASIWebPageRequest;
			sourceTree = "<group>";
		};
		877CB791151210580062D274 /* CloudFiles */ = {
			isa = PBXGroup;
			children = (
				877CB792151210580062D274 /* ASICloudFilesCDNRequest.h */,
				877CB793151210580062D274 /* ASICloudFilesCDNRequest.m */,
				877CB794151210580062D274 /* ASICloudFilesContainer.h */,
				877CB795151210580062D274 /* ASICloudFilesContainer.m */,
				877CB796151210580062D274 /* ASICloudFilesContainerRequest.h */,
				877CB797151210580062D274 /* ASICloudFilesContainerRequest.m */,
				877CB798151210580062D274 /* ASICloudFilesContainerXMLParserDelegate.h */,
				877CB799151210580062D274 /* ASICloudFilesContainerXMLParserDelegate.m */,
				877CB79A151210580062D274 /* ASICloudFilesObject.h */,
				877CB79B151210580062D274 /* ASICloudFilesObject.m */,
				877CB79C151210580062D274 /* ASICloudFilesObjectRequest.h */,
				877CB79D151210580062D274 /* ASICloudFilesObjectRequest.m */,
				877CB79E151210580062D274 /* ASICloudFilesRequest.h */,
				877CB79F151210580062D274 /* ASICloudFilesRequest.m */,
			);
			path = CloudFiles;
			sourceTree = "<group>";
		};
		877CB7A0151210580062D274 /* External */ = {
			isa = PBXGroup;
			children = (
				877CB7A1151210580062D274 /* Reachability */,
			);
			path = External;
			sourceTree = "<group>";
		};
		877CB7A1151210580062D274 /* Reachability */ = {
			isa = PBXGroup;
			children = (
				877CB7A2151210580062D274 /* Reachability.h */,
				877CB7A3151210580062D274 /* Reachability.m */,
			);
			path = Reachability;
			sourceTree = "<group>";
		};
		877CB7A4151210580062D274 /* S3 */ = {
			isa = PBXGroup;
			children = (
				877CB7A5151210580062D274 /* ASINSXMLParserCompat.h */,
				877CB7A6151210580062D274 /* ASIS3Bucket.h */,
				877CB7A7151210580062D274 /* ASIS3Bucket.m */,
				877CB7A8151210580062D274 /* ASIS3BucketObject.h */,
				877CB7A9151210580062D274 /* ASIS3BucketObject.m */,
				877CB7AA151210580062D274 /* ASIS3BucketRequest.h */,
				877CB7AB151210580062D274 /* ASIS3BucketRequest.m */,
				877CB7AC151210580062D274 /* ASIS3ObjectRequest.h */,
				877CB7AD151210580062D274 /* ASIS3ObjectRequest.m */,
				877CB7AE151210580062D274 /* ASIS3Request.h */,
				877CB7AF151210580062D274 /* ASIS3Request.m */,
				877CB7B0151210580062D274 /* ASIS3ServiceRequest.h */,
				877CB7B1151210580062D274 /* ASIS3ServiceRequest.m */,
			);
			path = S3;
			sourceTree = "<group>";
		};
		877CB7B2151210580062D274 /* CTMBase64 */ = {
			isa = PBXGroup;
			children = (
				877CB7B3151210580062D274 /* GTMBase64.h */,
				877CB7B4151210580062D274 /* GTMBase64.m */,
				877CB7B5151210580062D274 /* GTMDefines.h */,
			);
			path = CTMBase64;
			sourceTree = "<group>";
		};
		877CB7B6151210580062D274 /* JSON */ = {
			isa = PBXGroup;
			children = (
				877CB7B7151210580062D274 /* JSON.h */,
				877CB7B8151210580062D274 /* NSObject+SBJSON.h */,
				877CB7B9151210580062D274 /* NSObject+SBJSON.m */,
				877CB7BA151210580062D274 /* NSString+SBJSON.h */,
				877CB7BB151210580062D274 /* NSString+SBJSON.m */,
				877CB7BC151210580062D274 /* SBJSON.h */,
				877CB7BD151210580062D274 /* SBJSON.m */,
				877CB7BE151210580062D274 /* SBJsonBase.h */,
				877CB7BF151210580062D274 /* SBJsonBase.m */,
				877CB7C0151210580062D274 /* SBJsonParser.h */,
				877CB7C1151210580062D274 /* SBJsonParser.m */,
				877CB7C2151210580062D274 /* SBJsonStreamParser.h */,
				877CB7C3151210580062D274 /* SBJsonStreamParser.m */,
				877CB7C4151210580062D274 /* SBJsonStreamParserAccumulator.h */,
				877CB7C5151210580062D274 /* SBJsonStreamParserAccumulator.m */,
				877CB7C6151210580062D274 /* SBJsonStreamParserAdapter.h */,
				877CB7C7151210580062D274 /* SBJsonStreamParserAdapter.m */,
				877CB7C8151210580062D274 /* SBJsonStreamParserState.h */,
				877CB7C9151210580062D274 /* SBJsonStreamParserState.m */,
				877CB7CA151210580062D274 /* SBJsonStreamWriter.h */,
				877CB7CB151210580062D274 /* SBJsonStreamWriter.m */,
				877CB7CC151210580062D274 /* SBJsonStreamWriterAccumulator.h */,
				877CB7CD151210580062D274 /* SBJsonStreamWriterAccumulator.m */,
				877CB7CE151210580062D274 /* SBJsonStreamWriterState.h */,
				877CB7CF151210580062D274 /* SBJsonStreamWriterState.m */,
				877CB7D0151210580062D274 /* SBJsonTokeniser.h */,
				877CB7D1151210580062D274 /* SBJsonTokeniser.m */,
				877CB7D2151210580062D274 /* SBJsonUTF8Stream.h */,
				877CB7D3151210580062D274 /* SBJsonUTF8Stream.m */,
				877CB7D4151210580062D274 /* SBJsonWriter.h */,
				877CB7D5151210580062D274 /* SBJsonWriter.m */,
			);
			path = JSON;
			sourceTree = "<group>";
		};
		877CB7D6151210580062D274 /* Renren */ = {
			isa = PBXGroup;
			children = (
				877CB7D7151210580062D274 /* Renren.h */,
				877CB7D8151210580062D274 /* Renren.m */,
				877CB7D9151210580062D274 /* ROConnect.h */,
				877CB7DA151210580062D274 /* RODialogViewController */,
				877CB7E1151210580062D274 /* ROError */,
				877CB7E4151210580062D274 /* RONavigationViewController */,
				877CB7EB151210580062D274 /* RORequest */,
				877CB800151210580062D274 /* ROTools */,
			);
			path = Renren;
			sourceTree = "<group>";
		};
		877CB7DA151210580062D274 /* RODialogViewController */ = {
			isa = PBXGroup;
			children = (
				877CB7DB151210580062D274 /* ROBaseDialogViewController.h */,
				877CB7DC151210580062D274 /* ROBaseDialogViewController.m */,
				877CB7DD151210580062D274 /* ROCheckDialogViewController.h */,
				877CB7DE151210580062D274 /* ROCheckDialogViewController.m */,
				877CB7DF151210580062D274 /* ROWebDialogViewController.h */,
				877CB7E0151210580062D274 /* ROWebDialogViewController.m */,
			);
			path = RODialogViewController;
			sourceTree = "<group>";
		};
		877CB7E1151210580062D274 /* ROError */ = {
			isa = PBXGroup;
			children = (
				877CB7E2151210580062D274 /* ROError.h */,
				877CB7E3151210580062D274 /* ROError.m */,
			);
			path = ROError;
			sourceTree = "<group>";
		};
		877CB7E4151210580062D274 /* RONavigationViewController */ = {
			isa = PBXGroup;
			children = (
				877CB7E5151210580062D274 /* ROBaseNavigationViewController.h */,
				877CB7E6151210580062D274 /* ROBaseNavigationViewController.m */,
				877CB7E7151210580062D274 /* ROCheckNavigationViewController.h */,
				877CB7E8151210580062D274 /* ROCheckNavigationViewController.m */,
				877CB7E9151210580062D274 /* ROWebNavigationViewController.h */,
				877CB7EA151210580062D274 /* ROWebNavigationViewController.m */,
			);
			path = RONavigationViewController;
			sourceTree = "<group>";
		};
		877CB7EB151210580062D274 /* RORequest */ = {
			isa = PBXGroup;
			children = (
				877CB7EC151210580062D274 /* RequestParam */,
				877CB7F5151210580062D274 /* ResponseItem */,
				877CB7FC151210580062D274 /* RORequest.h */,
				877CB7FD151210580062D274 /* RORequest.m */,
				877CB7FE151210580062D274 /* ROResponse.h */,
				877CB7FF151210580062D274 /* ROResponse.m */,
			);
			path = RORequest;
			sourceTree = "<group>";
		};
		877CB7EC151210580062D274 /* RequestParam */ = {
			isa = PBXGroup;
			children = (
				877CB7ED151210580062D274 /* ROAlbumsInfoRequestParam.h */,
				877CB7EE151210580062D274 /* ROAlbumsInfoRequestParam.m */,
				877CB7EF151210580062D274 /* ROPasswordFlowRequestParam.h */,
				877CB7F0151210580062D274 /* ROPasswordFlowRequestParam.m */,
				877CB7F1151210580062D274 /* RORequestParam.h */,
				877CB7F2151210580062D274 /* RORequestParam.m */,
				877CB7F3151210580062D274 /* ROUserInfoRequestParam.h */,
				877CB7F4151210580062D274 /* ROUserInfoRequestParam.m */,
			);
			path = RequestParam;
			sourceTree = "<group>";
		};
		877CB7F5151210580062D274 /* ResponseItem */ = {
			isa = PBXGroup;
			children = (
				877CB7F6151210580062D274 /* ROAlbumResponseltem.h */,
				877CB7F7151210580062D274 /* ROAlbumResponseltem.m */,
				877CB7F8151210580062D274 /* ROResponseItem.h */,
				877CB7F9151210580062D274 /* ROResponseItem.m */,
				877CB7FA151210580062D274 /* ROUserResponseItem.h */,
				877CB7FB151210580062D274 /* ROUserResponseItem.m */,
			);
			path = ResponseItem;
			sourceTree = "<group>";
		};
		877CB800151210580062D274 /* ROTools */ = {
			isa = PBXGroup;
			children = (
				877CB801151210580062D274 /* ROMacroDef.h */,
				877CB802151210580062D274 /* ROUtility.h */,
				877CB803151210580062D274 /* ROUtility.m */,
			);
			path = ROTools;
			sourceTree = "<group>";
		};
		877CB804151210580062D274 /* SFHFKeychainUtils */ = {
			isa = PBXGroup;
			children = (
				877CB805151210580062D274 /* SFHFKeychainUtils.h */,
				877CB806151210580062D274 /* SFHFKeychainUtils.m */,
			);
			path = SFHFKeychainUtils;
			sourceTree = "<group>";
		};
		877CB807151210580062D274 /* sina */ = {
			isa = PBXGroup;
			children = (
				877CB808151210580062D274 /* WBAuthorize.h */,
				877CB809151210580062D274 /* WBAuthorize.m */,
				877CB80A151210580062D274 /* WBAuthorizeWebView.h */,
				877CB80B151210580062D274 /* WBAuthorizeWebView.m */,
				877CB80C151210580062D274 /* WBEngine.h */,
				877CB80D151210580062D274 /* WBEngine.m */,
				877CB80E151210580062D274 /* WBLogInAlertView.h */,
				877CB80F151210580062D274 /* WBLogInAlertView.m */,
				877CB810151210580062D274 /* WBRequest.h */,
				877CB811151210580062D274 /* WBRequest.m */,
				877CB812151210580062D274 /* WBSDKGlobal.h */,
				877CB813151210580062D274 /* WBSendView.h */,
				877CB814151210580062D274 /* WBSendView.m */,
				877CB815151210580062D274 /* WBUtil.h */,
				877CB816151210580062D274 /* WBUtil.m */,
			);
			path = sina;
			sourceTree = "<group>";
		};
/* End PBXGroup section */

/* Begin PBXNativeTarget section */
		8748B71A150F6E0C00A2DE88 /* ShareCenterExample */ = {
			isa = PBXNativeTarget;
			buildConfigurationList = 8748B739150F6E0D00A2DE88 /* Build configuration list for PBXNativeTarget "ShareCenterExample" */;
			buildPhases = (
				8748B717150F6E0C00A2DE88 /* Sources */,
				8748B718150F6E0C00A2DE88 /* Frameworks */,
				8748B719150F6E0C00A2DE88 /* Resources */,
			);
			buildRules = (
			);
			dependencies = (
			);
			name = ShareCenterExample;
			productName = ShareCenterExample;
			productReference = 8748B71B150F6E0C00A2DE88 /* ShareCenterExample.app */;
			productType = "com.apple.product-type.application";
		};
/* End PBXNativeTarget section */

/* Begin PBXProject section */
		8748B712150F6E0C00A2DE88 /* Project object */ = {
			isa = PBXProject;
			attributes = {
				CLASSPREFIX = CU;
				LastUpgradeCheck = 0430;
				ORGANIZATIONNAME = zhubu;
			};
			buildConfigurationList = 8748B715150F6E0C00A2DE88 /* Build configuration list for PBXProject "ShareCenterExample" */;
			compatibilityVersion = "Xcode 3.2";
			developmentRegion = English;
			hasScannedForEncodings = 0;
			knownRegions = (
				en,
			);
			mainGroup = 8748B710150F6E0C00A2DE88;
			productRefGroup = 8748B71C150F6E0C00A2DE88 /* Products */;
			projectDirPath = "";
			projectRoot = "";
			targets = (
				8748B71A150F6E0C00A2DE88 /* ShareCenterExample */,
			);
		};
/* End PBXProject section */

/* Begin PBXResourcesBuildPhase section */
		8748B719150F6E0C00A2DE88 /* Resources */ = {
			isa = PBXResourcesBuildPhase;
			buildActionMask = 2147483647;
			files = (
				8748B72A150F6E0C00A2DE88 /* InfoPlist.strings in Resources */,
				8748B736150F6E0D00A2DE88 /* CUViewController.xib in Resources */,
				87869A70151080C40079D8FC /* test.jpg in Resources */,
			);
			runOnlyForDeploymentPostprocessing = 0;
		};
/* End PBXResourcesBuildPhase section */

/* Begin PBXSourcesBuildPhase section */
		8748B717150F6E0C00A2DE88 /* Sources */ = {
			isa = PBXSourcesBuildPhase;
			buildActionMask = 2147483647;
			files = (
				8748B72C150F6E0C00A2DE88 /* main.m in Sources */,
				8748B730150F6E0D00A2DE88 /* CUAppDelegate.m in Sources */,
				8748B733150F6E0D00A2DE88 /* CUViewController.m in Sources */,
				8748B804150F6EFD00A2DE88 /* CUShareCenter.m in Sources */,
				8748B80F150F7A6800A2DE88 /* CUShareClient.m in Sources */,
				8748B87D150F7F2800A2DE88 /* CUSinaShareClient.m in Sources */,
				87869AC915108E700079D8FC /* CURenrenShareClient.m in Sources */,
				877CB817151210580062D274 /* ASIAuthenticationDialog.m in Sources */,
				877CB818151210580062D274 /* ASIDataCompressor.m in Sources */,
				877CB819151210580062D274 /* ASIDataDecompressor.m in Sources */,
				877CB81A151210580062D274 /* ASIDownloadCache.m in Sources */,
				877CB81B151210580062D274 /* ASIFormDataRequest.m in Sources */,
				877CB81C151210580062D274 /* ASIHTTPRequest.m in Sources */,
				877CB81D151210580062D274 /* ASIInputStream.m in Sources */,
				877CB81E151210580062D274 /* ASINetworkQueue.m in Sources */,
				877CB81F151210580062D274 /* ASIWebPageRequest.m in Sources */,
				877CB820151210580062D274 /* ASICloudFilesCDNRequest.m in Sources */,
				877CB821151210580062D274 /* ASICloudFilesContainer.m in Sources */,
				877CB822151210580062D274 /* ASICloudFilesContainerRequest.m in Sources */,
				877CB823151210580062D274 /* ASICloudFilesContainerXMLParserDelegate.m in Sources */,
				877CB824151210580062D274 /* ASICloudFilesObject.m in Sources */,
				877CB825151210580062D274 /* ASICloudFilesObjectRequest.m in Sources */,
				877CB826151210580062D274 /* ASICloudFilesRequest.m in Sources */,
				877CB827151210580062D274 /* Reachability.m in Sources */,
				877CB828151210580062D274 /* ASIS3Bucket.m in Sources */,
				877CB829151210580062D274 /* ASIS3BucketObject.m in Sources */,
				877CB82A151210580062D274 /* ASIS3BucketRequest.m in Sources */,
				877CB82B151210580062D274 /* ASIS3ObjectRequest.m in Sources */,
				877CB82C151210580062D274 /* ASIS3Request.m in Sources */,
				877CB82D151210580062D274 /* ASIS3ServiceRequest.m in Sources */,
				877CB82E151210580062D274 /* GTMBase64.m in Sources */,
				877CB82F151210580062D274 /* NSObject+SBJSON.m in Sources */,
				877CB830151210580062D274 /* NSString+SBJSON.m in Sources */,
				877CB831151210580062D274 /* SBJSON.m in Sources */,
				877CB832151210580062D274 /* SBJsonBase.m in Sources */,
				877CB833151210580062D274 /* SBJsonParser.m in Sources */,
				877CB834151210580062D274 /* SBJsonStreamParser.m in Sources */,
				877CB835151210580062D274 /* SBJsonStreamParserAccumulator.m in Sources */,
				877CB836151210580062D274 /* SBJsonStreamParserAdapter.m in Sources */,
				877CB837151210580062D274 /* SBJsonStreamParserState.m in Sources */,
				877CB838151210580062D274 /* SBJsonStreamWriter.m in Sources */,
				877CB839151210580062D274 /* SBJsonStreamWriterAccumulator.m in Sources */,
				877CB83A151210580062D274 /* SBJsonStreamWriterState.m in Sources */,
				877CB83B151210580062D274 /* SBJsonTokeniser.m in Sources */,
				877CB83C151210580062D274 /* SBJsonUTF8Stream.m in Sources */,
				877CB83D151210580062D274 /* SBJsonWriter.m in Sources */,
				877CB83E151210580062D274 /* Renren.m in Sources */,
				877CB83F151210580062D274 /* ROBaseDialogViewController.m in Sources */,
				877CB840151210580062D274 /* ROCheckDialogViewController.m in Sources */,
				877CB841151210580062D274 /* ROWebDialogViewController.m in Sources */,
				877CB842151210580062D274 /* ROError.m in Sources */,
				877CB843151210580062D274 /* ROBaseNavigationViewController.m in Sources */,
				877CB844151210580062D274 /* ROCheckNavigationViewController.m in Sources */,
				877CB845151210580062D274 /* ROWebNavigationViewController.m in Sources */,
				877CB846151210580062D274 /* ROAlbumsInfoRequestParam.m in Sources */,
				877CB847151210580062D274 /* ROPasswordFlowRequestParam.m in Sources */,
				877CB848151210580062D274 /* RORequestParam.m in Sources */,
				877CB849151210580062D274 /* ROUserInfoRequestParam.m in Sources */,
				877CB84A151210580062D274 /* ROAlbumResponseltem.m in Sources */,
				877CB84B151210580062D274 /* ROResponseItem.m in Sources */,
				877CB84C151210580062D274 /* ROUserResponseItem.m in Sources */,
				877CB84D151210580062D274 /* RORequest.m in Sources */,
				877CB84E151210580062D274 /* ROResponse.m in Sources */,
				877CB84F151210580062D274 /* ROUtility.m in Sources */,
				877CB850151210580062D274 /* SFHFKeychainUtils.m in Sources */,
				877CB851151210580062D274 /* WBAuthorize.m in Sources */,
				877CB852151210580062D274 /* WBAuthorizeWebView.m in Sources */,
				877CB853151210580062D274 /* WBEngine.m in Sources */,
				877CB854151210580062D274 /* WBLogInAlertView.m in Sources */,
				877CB855151210580062D274 /* WBRequest.m in Sources */,
				877CB856151210580062D274 /* WBSendView.m in Sources */,
				877CB857151210580062D274 /* WBUtil.m in Sources */,
			);
			runOnlyForDeploymentPostprocessing = 0;
		};
/* End PBXSourcesBuildPhase section */

/* Begin PBXVariantGroup section */
		8748B728150F6E0C00A2DE88 /* InfoPlist.strings */ = {
			isa = PBXVariantGroup;
			children = (
				8748B729150F6E0C00A2DE88 /* en */,
			);
			name = InfoPlist.strings;
			sourceTree = "<group>";
		};
		8748B734150F6E0D00A2DE88 /* CUViewController.xib */ = {
			isa = PBXVariantGroup;
			children = (
				8748B735150F6E0D00A2DE88 /* en */,
			);
			name = CUViewController.xib;
			sourceTree = "<group>";
		};
/* End PBXVariantGroup section */

/* Begin XCBuildConfiguration section */
		8748B737150F6E0D00A2DE88 /* Debug */ = {
			isa = XCBuildConfiguration;
			buildSettings = {
				ALWAYS_SEARCH_USER_PATHS = NO;
				ARCHS = "$(ARCHS_STANDARD_32_BIT)";
				"CODE_SIGN_IDENTITY[sdk=iphoneos*]" = "iPhone Developer";
				COPY_PHASE_STRIP = NO;
				GCC_C_LANGUAGE_STANDARD = gnu99;
				GCC_DYNAMIC_NO_PIC = NO;
				GCC_OPTIMIZATION_LEVEL = 0;
				GCC_PREPROCESSOR_DEFINITIONS = (
					"DEBUG=1",
					"$(inherited)",
				);
				GCC_SYMBOLS_PRIVATE_EXTERN = NO;
				GCC_VERSION = com.apple.compilers.llvm.clang.1_0;
				GCC_WARN_ABOUT_RETURN_TYPE = YES;
				GCC_WARN_UNINITIALIZED_AUTOS = YES;
				GCC_WARN_UNUSED_VARIABLE = YES;
				IPHONEOS_DEPLOYMENT_TARGET = 4.3;
				SDKROOT = iphoneos;
				TARGETED_DEVICE_FAMILY = 2;
			};
			name = Debug;
		};
		8748B738150F6E0D00A2DE88 /* Release */ = {
			isa = XCBuildConfiguration;
			buildSettings = {
				ALWAYS_SEARCH_USER_PATHS = NO;
				ARCHS = "$(ARCHS_STANDARD_32_BIT)";
				"CODE_SIGN_IDENTITY[sdk=iphoneos*]" = "iPhone Developer";
				COPY_PHASE_STRIP = YES;
				GCC_C_LANGUAGE_STANDARD = gnu99;
				GCC_VERSION = com.apple.compilers.llvm.clang.1_0;
				GCC_WARN_ABOUT_RETURN_TYPE = YES;
				GCC_WARN_UNINITIALIZED_AUTOS = YES;
				GCC_WARN_UNUSED_VARIABLE = YES;
				IPHONEOS_DEPLOYMENT_TARGET = 4.3;
				OTHER_CFLAGS = "-DNS_BLOCK_ASSERTIONS=1";
				SDKROOT = iphoneos;
				TARGETED_DEVICE_FAMILY = 2;
				VALIDATE_PRODUCT = YES;
			};
			name = Release;
		};
		8748B73A150F6E0D00A2DE88 /* Debug */ = {
			isa = XCBuildConfiguration;
			buildSettings = {
				GCC_PRECOMPILE_PREFIX_HEADER = YES;
				GCC_PREFIX_HEADER = "ShareCenterExample/ShareCenterExample-Prefix.pch";
				HEADER_SEARCH_PATHS = "${SDK_DIR}/usr/include/libxml2";
				INFOPLIST_FILE = "ShareCenterExample/ShareCenterExample-Info.plist";
				IPHONEOS_DEPLOYMENT_TARGET = 4.3;
				LIBRARY_SEARCH_PATHS = "";
				PRODUCT_NAME = "$(TARGET_NAME)";
				TARGETED_DEVICE_FAMILY = "1,2";
				WRAPPER_EXTENSION = app;
			};
			name = Debug;
		};
		8748B73B150F6E0D00A2DE88 /* Release */ = {
			isa = XCBuildConfiguration;
			buildSettings = {
				GCC_PRECOMPILE_PREFIX_HEADER = YES;
				GCC_PREFIX_HEADER = "ShareCenterExample/ShareCenterExample-Prefix.pch";
				HEADER_SEARCH_PATHS = "${SDK_DIR}/usr/include/libxml2";
				INFOPLIST_FILE = "ShareCenterExample/ShareCenterExample-Info.plist";
				IPHONEOS_DEPLOYMENT_TARGET = 4.3;
				LIBRARY_SEARCH_PATHS = "";
				PRODUCT_NAME = "$(TARGET_NAME)";
				TARGETED_DEVICE_FAMILY = "1,2";
				WRAPPER_EXTENSION = app;
			};
			name = Release;
		};
/* End XCBuildConfiguration section */

/* Begin XCConfigurationList section */
		8748B715150F6E0C00A2DE88 /* Build configuration list for PBXProject "ShareCenterExample" */ = {
			isa = XCConfigurationList;
			buildConfigurations = (
				8748B737150F6E0D00A2DE88 /* Debug */,
				8748B738150F6E0D00A2DE88 /* Release */,
			);
			defaultConfigurationIsVisible = 0;
			defaultConfigurationName = Release;
		};
		8748B739150F6E0D00A2DE88 /* Build configuration list for PBXNativeTarget "ShareCenterExample" */ = {
			isa = XCConfigurationList;
			buildConfigurations = (
				8748B73A150F6E0D00A2DE88 /* Debug */,
				8748B73B150F6E0D00A2DE88 /* Release */,
			);
			defaultConfigurationIsVisible = 0;
			defaultConfigurationName = Release;
		};
/* End XCConfigurationList section */
	};
	rootObject = 8748B712150F6E0C00A2DE88 /* Project object */;
}
