// !$*UTF8*$!
{
	archiveVersion = 1;
	classes = {
	};
	objectVersion = 46;
	objects = {

/* Begin PBXBuildFile section */
		871C1CD215118E78003E510A /* NSObject+SBJSON.m in Sources */ = {isa = PBXBuildFile; fileRef = 871C1CB515118E78003E510A /* NSObject+SBJSON.m */; };
		871C1CD315118E78003E510A /* NSString+SBJSON.m in Sources */ = {isa = PBXBuildFile; fileRef = 871C1CB715118E78003E510A /* NSString+SBJSON.m */; };
		871C1CD415118E78003E510A /* SBJSON.m in Sources */ = {isa = PBXBuildFile; fileRef = 871C1CB915118E78003E510A /* SBJSON.m */; };
		871C1CD515118E78003E510A /* SBJsonBase.m in Sources */ = {isa = PBXBuildFile; fileRef = 871C1CBB15118E78003E510A /* SBJsonBase.m */; };
		871C1CD615118E78003E510A /* SBJsonParser.m in Sources */ = {isa = PBXBuildFile; fileRef = 871C1CBD15118E78003E510A /* SBJsonParser.m */; };
		871C1CD715118E78003E510A /* SBJsonStreamParser.m in Sources */ = {isa = PBXBuildFile; fileRef = 871C1CBF15118E78003E510A /* SBJsonStreamParser.m */; };
		871C1CD815118E78003E510A /* SBJsonStreamParserAccumulator.m in Sources */ = {isa = PBXBuildFile; fileRef = 871C1CC115118E78003E510A /* SBJsonStreamParserAccumulator.m */; };
		871C1CD915118E78003E510A /* SBJsonStreamParserAdapter.m in Sources */ = {isa = PBXBuildFile; fileRef = 871C1CC315118E78003E510A /* SBJsonStreamParserAdapter.m */; };
		871C1CDA15118E78003E510A /* SBJsonStreamParserState.m in Sources */ = {isa = PBXBuildFile; fileRef = 871C1CC515118E78003E510A /* SBJsonStreamParserState.m */; };
		871C1CDB15118E78003E510A /* SBJsonStreamWriter.m in Sources */ = {isa = PBXBuildFile; fileRef = 871C1CC715118E78003E510A /* SBJsonStreamWriter.m */; };
		871C1CDC15118E78003E510A /* SBJsonStreamWriterAccumulator.m in Sources */ = {isa = PBXBuildFile; fileRef = 871C1CC915118E78003E510A /* SBJsonStreamWriterAccumulator.m */; };
		871C1CDD15118E78003E510A /* SBJsonStreamWriterState.m in Sources */ = {isa = PBXBuildFile; fileRef = 871C1CCB15118E78003E510A /* SBJsonStreamWriterState.m */; };
		871C1CDE15118E78003E510A /* SBJsonTokeniser.m in Sources */ = {isa = PBXBuildFile; fileRef = 871C1CCD15118E78003E510A /* SBJsonTokeniser.m */; };
		871C1CDF15118E78003E510A /* SBJsonUTF8Stream.m in Sources */ = {isa = PBXBuildFile; fileRef = 871C1CCF15118E78003E510A /* SBJsonUTF8Stream.m */; };
		871C1CE015118E78003E510A /* SBJsonWriter.m in Sources */ = {isa = PBXBuildFile; fileRef = 871C1CD115118E78003E510A /* SBJsonWriter.m */; };
		8748B720150F6E0C00A2DE88 /* UIKit.framework in Frameworks */ = {isa = PBXBuildFile; fileRef = 8748B71F150F6E0C00A2DE88 /* UIKit.framework */; };
		8748B722150F6E0C00A2DE88 /* Foundation.framework in Frameworks */ = {isa = PBXBuildFile; fileRef = 8748B721150F6E0C00A2DE88 /* Foundation.framework */; };
		8748B724150F6E0C00A2DE88 /* CoreGraphics.framework in Frameworks */ = {isa = PBXBuildFile; fileRef = 8748B723150F6E0C00A2DE88 /* CoreGraphics.framework */; };
		8748B72A150F6E0C00A2DE88 /* InfoPlist.strings in Resources */ = {isa = PBXBuildFile; fileRef = 8748B728150F6E0C00A2DE88 /* InfoPlist.strings */; };
		8748B72C150F6E0C00A2DE88 /* main.m in Sources */ = {isa = PBXBuildFile; fileRef = 8748B72B150F6E0C00A2DE88 /* main.m */; };
		8748B730150F6E0D00A2DE88 /* CUAppDelegate.m in Sources */ = {isa = PBXBuildFile; fileRef = 8748B72F150F6E0D00A2DE88 /* CUAppDelegate.m */; };
		8748B733150F6E0D00A2DE88 /* CUViewController.m in Sources */ = {isa = PBXBuildFile; fileRef = 8748B732150F6E0D00A2DE88 /* CUViewController.m */; };
		8748B736150F6E0D00A2DE88 /* CUViewController.xib in Resources */ = {isa = PBXBuildFile; fileRef = 8748B734150F6E0D00A2DE88 /* CUViewController.xib */; };
		8748B742150F6E5500A2DE88 /* SystemConfiguration.framework in Frameworks */ = {isa = PBXBuildFile; fileRef = 8748B741150F6E5500A2DE88 /* SystemConfiguration.framework */; };
		8748B744150F6E5E00A2DE88 /* libz.1.2.5.dylib in Frameworks */ = {isa = PBXBuildFile; fileRef = 8748B743150F6E5E00A2DE88 /* libz.1.2.5.dylib */; };
		8748B746150F6E6600A2DE88 /* libxml2.2.7.3.dylib in Frameworks */ = {isa = PBXBuildFile; fileRef = 8748B745150F6E6600A2DE88 /* libxml2.2.7.3.dylib */; };
		8748B748150F6E8000A2DE88 /* CFNetwork.framework in Frameworks */ = {isa = PBXBuildFile; fileRef = 8748B747150F6E8000A2DE88 /* CFNetwork.framework */; };
		8748B74A150F6E8C00A2DE88 /* MobileCoreServices.framework in Frameworks */ = {isa = PBXBuildFile; fileRef = 8748B749150F6E8C00A2DE88 /* MobileCoreServices.framework */; };
		8748B7CA150F6ECD00A2DE88 /* ASIAuthenticationDialog.m in Sources */ = {isa = PBXBuildFile; fileRef = 8748B74E150F6ECD00A2DE88 /* ASIAuthenticationDialog.m */; };
		8748B7CB150F6ECD00A2DE88 /* ASIDataCompressor.m in Sources */ = {isa = PBXBuildFile; fileRef = 8748B751150F6ECD00A2DE88 /* ASIDataCompressor.m */; };
		8748B7CC150F6ECD00A2DE88 /* ASIDataDecompressor.m in Sources */ = {isa = PBXBuildFile; fileRef = 8748B753150F6ECD00A2DE88 /* ASIDataDecompressor.m */; };
		8748B7CD150F6ECD00A2DE88 /* ASIDownloadCache.m in Sources */ = {isa = PBXBuildFile; fileRef = 8748B755150F6ECD00A2DE88 /* ASIDownloadCache.m */; };
		8748B7CE150F6ECD00A2DE88 /* ASIFormDataRequest.m in Sources */ = {isa = PBXBuildFile; fileRef = 8748B757150F6ECD00A2DE88 /* ASIFormDataRequest.m */; };
		8748B7CF150F6ECD00A2DE88 /* ASIHTTPRequest.m in Sources */ = {isa = PBXBuildFile; fileRef = 8748B759150F6ECD00A2DE88 /* ASIHTTPRequest.m */; };
		8748B7D0150F6ECD00A2DE88 /* ASIInputStream.m in Sources */ = {isa = PBXBuildFile; fileRef = 8748B75D150F6ECD00A2DE88 /* ASIInputStream.m */; };
		8748B7D1150F6ECD00A2DE88 /* ASINetworkQueue.m in Sources */ = {isa = PBXBuildFile; fileRef = 8748B75F150F6ECD00A2DE88 /* ASINetworkQueue.m */; };
		8748B7D2150F6ECD00A2DE88 /* ASIWebPageRequest.m in Sources */ = {isa = PBXBuildFile; fileRef = 8748B763150F6ECD00A2DE88 /* ASIWebPageRequest.m */; };
		8748B7D3150F6ECD00A2DE88 /* ASICloudFilesCDNRequest.m in Sources */ = {isa = PBXBuildFile; fileRef = 8748B766150F6ECD00A2DE88 /* ASICloudFilesCDNRequest.m */; };
		8748B7D4150F6ECD00A2DE88 /* ASICloudFilesContainer.m in Sources */ = {isa = PBXBuildFile; fileRef = 8748B768150F6ECD00A2DE88 /* ASICloudFilesContainer.m */; };
		8748B7D5150F6ECD00A2DE88 /* ASICloudFilesContainerRequest.m in Sources */ = {isa = PBXBuildFile; fileRef = 8748B76A150F6ECD00A2DE88 /* ASICloudFilesContainerRequest.m */; };
		8748B7D6150F6ECD00A2DE88 /* ASICloudFilesContainerXMLParserDelegate.m in Sources */ = {isa = PBXBuildFile; fileRef = 8748B76C150F6ECD00A2DE88 /* ASICloudFilesContainerXMLParserDelegate.m */; };
		8748B7D7150F6ECD00A2DE88 /* ASICloudFilesObject.m in Sources */ = {isa = PBXBuildFile; fileRef = 8748B76E150F6ECD00A2DE88 /* ASICloudFilesObject.m */; };
		8748B7D8150F6ECD00A2DE88 /* ASICloudFilesObjectRequest.m in Sources */ = {isa = PBXBuildFile; fileRef = 8748B770150F6ECD00A2DE88 /* ASICloudFilesObjectRequest.m */; };
		8748B7D9150F6ECD00A2DE88 /* ASICloudFilesRequest.m in Sources */ = {isa = PBXBuildFile; fileRef = 8748B772150F6ECD00A2DE88 /* ASICloudFilesRequest.m */; };
		8748B7DA150F6ECD00A2DE88 /* Reachability.m in Sources */ = {isa = PBXBuildFile; fileRef = 8748B776150F6ECD00A2DE88 /* Reachability.m */; };
		8748B7DB150F6ECD00A2DE88 /* ASIS3Bucket.m in Sources */ = {isa = PBXBuildFile; fileRef = 8748B77A150F6ECD00A2DE88 /* ASIS3Bucket.m */; };
		8748B7DC150F6ECD00A2DE88 /* ASIS3BucketObject.m in Sources */ = {isa = PBXBuildFile; fileRef = 8748B77C150F6ECD00A2DE88 /* ASIS3BucketObject.m */; };
		8748B7DD150F6ECD00A2DE88 /* ASIS3BucketRequest.m in Sources */ = {isa = PBXBuildFile; fileRef = 8748B77E150F6ECD00A2DE88 /* ASIS3BucketRequest.m */; };
		8748B7DE150F6ECD00A2DE88 /* ASIS3ObjectRequest.m in Sources */ = {isa = PBXBuildFile; fileRef = 8748B780150F6ECD00A2DE88 /* ASIS3ObjectRequest.m */; };
		8748B7DF150F6ECD00A2DE88 /* ASIS3Request.m in Sources */ = {isa = PBXBuildFile; fileRef = 8748B782150F6ECD00A2DE88 /* ASIS3Request.m */; };
		8748B7E0150F6ECD00A2DE88 /* ASIS3ServiceRequest.m in Sources */ = {isa = PBXBuildFile; fileRef = 8748B784150F6ECD00A2DE88 /* ASIS3ServiceRequest.m */; };
		8748B804150F6EFD00A2DE88 /* CUShareCenter.m in Sources */ = {isa = PBXBuildFile; fileRef = 8748B803150F6EFD00A2DE88 /* CUShareCenter.m */; };
		8748B80F150F7A6800A2DE88 /* CUShareClient.m in Sources */ = {isa = PBXBuildFile; fileRef = 8748B80E150F7A6800A2DE88 /* CUShareClient.m */; };
		8748B87D150F7F2800A2DE88 /* CUSinaShareClient.m in Sources */ = {isa = PBXBuildFile; fileRef = 8748B87C150F7F2800A2DE88 /* CUSinaShareClient.m */; };
		87869A70151080C40079D8FC /* test.jpg in Resources */ = {isa = PBXBuildFile; fileRef = 87869A6F151080C40079D8FC /* test.jpg */; };
		87869AB415108C820079D8FC /* Renren.m in Sources */ = {isa = PBXBuildFile; fileRef = 87869A8815108C820079D8FC /* Renren.m */; };
		87869AB515108C820079D8FC /* ROBaseDialogViewController.m in Sources */ = {isa = PBXBuildFile; fileRef = 87869A8C15108C820079D8FC /* ROBaseDialogViewController.m */; };
		87869AB615108C820079D8FC /* ROCheckDialogViewController.m in Sources */ = {isa = PBXBuildFile; fileRef = 87869A8E15108C820079D8FC /* ROCheckDialogViewController.m */; };
		87869AB715108C820079D8FC /* ROWebDialogViewController.m in Sources */ = {isa = PBXBuildFile; fileRef = 87869A9015108C820079D8FC /* ROWebDialogViewController.m */; };
		87869AB815108C820079D8FC /* ROError.m in Sources */ = {isa = PBXBuildFile; fileRef = 87869A9315108C820079D8FC /* ROError.m */; };
		87869AB915108C820079D8FC /* ROBaseNavigationViewController.m in Sources */ = {isa = PBXBuildFile; fileRef = 87869A9615108C820079D8FC /* ROBaseNavigationViewController.m */; };
		87869ABA15108C820079D8FC /* ROCheckNavigationViewController.m in Sources */ = {isa = PBXBuildFile; fileRef = 87869A9815108C820079D8FC /* ROCheckNavigationViewController.m */; };
		87869ABB15108C820079D8FC /* ROWebNavigationViewController.m in Sources */ = {isa = PBXBuildFile; fileRef = 87869A9A15108C820079D8FC /* ROWebNavigationViewController.m */; };
		87869ABC15108C820079D8FC /* ROAlbumsInfoRequestParam.m in Sources */ = {isa = PBXBuildFile; fileRef = 87869A9E15108C820079D8FC /* ROAlbumsInfoRequestParam.m */; };
		87869ABD15108C820079D8FC /* ROPasswordFlowRequestParam.m in Sources */ = {isa = PBXBuildFile; fileRef = 87869AA015108C820079D8FC /* ROPasswordFlowRequestParam.m */; };
		87869ABE15108C820079D8FC /* RORequestParam.m in Sources */ = {isa = PBXBuildFile; fileRef = 87869AA215108C820079D8FC /* RORequestParam.m */; };
		87869ABF15108C820079D8FC /* ROUserInfoRequestParam.m in Sources */ = {isa = PBXBuildFile; fileRef = 87869AA415108C820079D8FC /* ROUserInfoRequestParam.m */; };
		87869AC015108C820079D8FC /* ROAlbumResponseltem.m in Sources */ = {isa = PBXBuildFile; fileRef = 87869AA715108C820079D8FC /* ROAlbumResponseltem.m */; };
		87869AC115108C820079D8FC /* ROResponseItem.m in Sources */ = {isa = PBXBuildFile; fileRef = 87869AA915108C820079D8FC /* ROResponseItem.m */; };
		87869AC215108C820079D8FC /* ROUserResponseItem.m in Sources */ = {isa = PBXBuildFile; fileRef = 87869AAB15108C820079D8FC /* ROUserResponseItem.m */; };
		87869AC315108C820079D8FC /* RORequest.m in Sources */ = {isa = PBXBuildFile; fileRef = 87869AAD15108C820079D8FC /* RORequest.m */; };
		87869AC415108C820079D8FC /* ROResponse.m in Sources */ = {isa = PBXBuildFile; fileRef = 87869AAF15108C820079D8FC /* ROResponse.m */; };
		87869AC515108C820079D8FC /* ROUtility.m in Sources */ = {isa = PBXBuildFile; fileRef = 87869AB315108C820079D8FC /* ROUtility.m */; };
		87869AC915108E700079D8FC /* CURenrenShareClient.m in Sources */ = {isa = PBXBuildFile; fileRef = 87869AC815108E700079D8FC /* CURenrenShareClient.m */; };
		87896A4D151187A500D6189C /* WBAuthorize.m in Sources */ = {isa = PBXBuildFile; fileRef = 87896A3F151187A500D6189C /* WBAuthorize.m */; };
		87896A4E151187A500D6189C /* WBAuthorizeWebView.m in Sources */ = {isa = PBXBuildFile; fileRef = 87896A41151187A500D6189C /* WBAuthorizeWebView.m */; };
		87896A4F151187A500D6189C /* WBEngine.m in Sources */ = {isa = PBXBuildFile; fileRef = 87896A43151187A500D6189C /* WBEngine.m */; };
		87896A50151187A500D6189C /* WBLogInAlertView.m in Sources */ = {isa = PBXBuildFile; fileRef = 87896A45151187A500D6189C /* WBLogInAlertView.m */; };
		87896A51151187A500D6189C /* WBRequest.m in Sources */ = {isa = PBXBuildFile; fileRef = 87896A47151187A500D6189C /* WBRequest.m */; };
		87896A52151187A500D6189C /* WBSendView.m in Sources */ = {isa = PBXBuildFile; fileRef = 87896A4A151187A500D6189C /* WBSendView.m */; };
		87896A53151187A500D6189C /* WBUtil.m in Sources */ = {isa = PBXBuildFile; fileRef = 87896A4C151187A500D6189C /* WBUtil.m */; };
		87896A58151187AB00D6189C /* SFHFKeychainUtils.m in Sources */ = {isa = PBXBuildFile; fileRef = 87896A57151187AB00D6189C /* SFHFKeychainUtils.m */; };
		87896A631511889800D6189C /* GTMBase64.m in Sources */ = {isa = PBXBuildFile; fileRef = 87896A611511889800D6189C /* GTMBase64.m */; };
		87896A6815118BC300D6189C /* Security.framework in Frameworks */ = {isa = PBXBuildFile; fileRef = 87896A6715118BC300D6189C /* Security.framework */; };
/* End PBXBuildFile section */

/* Begin PBXFileReference section */
		871C1CB315118E78003E510A /* JSON.h */ = {isa = PBXFileReference; fileEncoding = 4; lastKnownFileType = sourcecode.c.h; path = JSON.h; sourceTree = "<group>"; };
		871C1CB415118E78003E510A /* NSObject+SBJSON.h */ = {isa = PBXFileReference; fileEncoding = 4; lastKnownFileType = sourcecode.c.h; path = "NSObject+SBJSON.h"; sourceTree = "<group>"; };
		871C1CB515118E78003E510A /* NSObject+SBJSON.m */ = {isa = PBXFileReference; fileEncoding = 4; lastKnownFileType = sourcecode.c.objc; path = "NSObject+SBJSON.m"; sourceTree = "<group>"; };
		871C1CB615118E78003E510A /* NSString+SBJSON.h */ = {isa = PBXFileReference; fileEncoding = 4; lastKnownFileType = sourcecode.c.h; path = "NSString+SBJSON.h"; sourceTree = "<group>"; };
		871C1CB715118E78003E510A /* NSString+SBJSON.m */ = {isa = PBXFileReference; fileEncoding = 4; lastKnownFileType = sourcecode.c.objc; path = "NSString+SBJSON.m"; sourceTree = "<group>"; };
		871C1CB815118E78003E510A /* SBJSON.h */ = {isa = PBXFileReference; fileEncoding = 4; lastKnownFileType = sourcecode.c.h; path = SBJSON.h; sourceTree = "<group>"; };
		871C1CB915118E78003E510A /* SBJSON.m */ = {isa = PBXFileReference; fileEncoding = 4; lastKnownFileType = sourcecode.c.objc; path = SBJSON.m; sourceTree = "<group>"; };
		871C1CBA15118E78003E510A /* SBJsonBase.h */ = {isa = PBXFileReference; fileEncoding = 4; lastKnownFileType = sourcecode.c.h; path = SBJsonBase.h; sourceTree = "<group>"; };
		871C1CBB15118E78003E510A /* SBJsonBase.m */ = {isa = PBXFileReference; fileEncoding = 4; lastKnownFileType = sourcecode.c.objc; path = SBJsonBase.m; sourceTree = "<group>"; };
		871C1CBC15118E78003E510A /* SBJsonParser.h */ = {isa = PBXFileReference; fileEncoding = 4; lastKnownFileType = sourcecode.c.h; path = SBJsonParser.h; sourceTree = "<group>"; };
		871C1CBD15118E78003E510A /* SBJsonParser.m */ = {isa = PBXFileReference; fileEncoding = 4; lastKnownFileType = sourcecode.c.objc; path = SBJsonParser.m; sourceTree = "<group>"; };
		871C1CBE15118E78003E510A /* SBJsonStreamParser.h */ = {isa = PBXFileReference; fileEncoding = 4; lastKnownFileType = sourcecode.c.h; path = SBJsonStreamParser.h; sourceTree = "<group>"; };
		871C1CBF15118E78003E510A /* SBJsonStreamParser.m */ = {isa = PBXFileReference; fileEncoding = 4; lastKnownFileType = sourcecode.c.objc; path = SBJsonStreamParser.m; sourceTree = "<group>"; };
		871C1CC015118E78003E510A /* SBJsonStreamParserAccumulator.h */ = {isa = PBXFileReference; fileEncoding = 4; lastKnownFileType = sourcecode.c.h; path = SBJsonStreamParserAccumulator.h; sourceTree = "<group>"; };
		871C1CC115118E78003E510A /* SBJsonStreamParserAccumulator.m */ = {isa = PBXFileReference; fileEncoding = 4; lastKnownFileType = sourcecode.c.objc; path = SBJsonStreamParserAccumulator.m; sourceTree = "<group>"; };
		871C1CC215118E78003E510A /* SBJsonStreamParserAdapter.h */ = {isa = PBXFileReference; fileEncoding = 4; lastKnownFileType = sourcecode.c.h; path = SBJsonStreamParserAdapter.h; sourceTree = "<group>"; };
		871C1CC315118E78003E510A /* SBJsonStreamParserAdapter.m */ = {isa = PBXFileReference; fileEncoding = 4; lastKnownFileType = sourcecode.c.objc; path = SBJsonStreamParserAdapter.m; sourceTree = "<group>"; };
		871C1CC415118E78003E510A /* SBJsonStreamParserState.h */ = {isa = PBXFileReference; fileEncoding = 4; lastKnownFileType = sourcecode.c.h; path = SBJsonStreamParserState.h; sourceTree = "<group>"; };
		871C1CC515118E78003E510A /* SBJsonStreamParserState.m */ = {isa = PBXFileReference; fileEncoding = 4; lastKnownFileType = sourcecode.c.objc; path = SBJsonStreamParserState.m; sourceTree = "<group>"; };
		871C1CC615118E78003E510A /* SBJsonStreamWriter.h */ = {isa = PBXFileReference; fileEncoding = 4; lastKnownFileType = sourcecode.c.h; path = SBJsonStreamWriter.h; sourceTree = "<group>"; };
		871C1CC715118E78003E510A /* SBJsonStreamWriter.m */ = {isa = PBXFileReference; fileEncoding = 4; lastKnownFileType = sourcecode.c.objc; path = SBJsonStreamWriter.m; sourceTree = "<group>"; };
		871C1CC815118E78003E510A /* SBJsonStreamWriterAccumulator.h */ = {isa = PBXFileReference; fileEncoding = 4; lastKnownFileType = sourcecode.c.h; path = SBJsonStreamWriterAccumulator.h; sourceTree = "<group>"; };
		871C1CC915118E78003E510A /* SBJsonStreamWriterAccumulator.m */ = {isa = PBXFileReference; fileEncoding = 4; lastKnownFileType = sourcecode.c.objc; path = SBJsonStreamWriterAccumulator.m; sourceTree = "<group>"; };
		871C1CCA15118E78003E510A /* SBJsonStreamWriterState.h */ = {isa = PBXFileReference; fileEncoding = 4; lastKnownFileType = sourcecode.c.h; path = SBJsonStreamWriterState.h; sourceTree = "<group>"; };
		871C1CCB15118E78003E510A /* SBJsonStreamWriterState.m */ = {isa = PBXFileReference; fileEncoding = 4; lastKnownFileType = sourcecode.c.objc; path = SBJsonStreamWriterState.m; sourceTree = "<group>"; };
		871C1CCC15118E78003E510A /* SBJsonTokeniser.h */ = {isa = PBXFileReference; fileEncoding = 4; lastKnownFileType = sourcecode.c.h; path = SBJsonTokeniser.h; sourceTree = "<group>"; };
		871C1CCD15118E78003E510A /* SBJsonTokeniser.m */ = {isa = PBXFileReference; fileEncoding = 4; lastKnownFileType = sourcecode.c.objc; path = SBJsonTokeniser.m; sourceTree = "<group>"; };
		871C1CCE15118E78003E510A /* SBJsonUTF8Stream.h */ = {isa = PBXFileReference; fileEncoding = 4; lastKnownFileType = sourcecode.c.h; path = SBJsonUTF8Stream.h; sourceTree = "<group>"; };
		871C1CCF15118E78003E510A /* SBJsonUTF8Stream.m */ = {isa = PBXFileReference; fileEncoding = 4; lastKnownFileType = sourcecode.c.objc; path = SBJsonUTF8Stream.m; sourceTree = "<group>"; };
		871C1CD015118E78003E510A /* SBJsonWriter.h */ = {isa = PBXFileReference; fileEncoding = 4; lastKnownFileType = sourcecode.c.h; path = SBJsonWriter.h; sourceTree = "<group>"; };
		871C1CD115118E78003E510A /* SBJsonWriter.m */ = {isa = PBXFileReference; fileEncoding = 4; lastKnownFileType = sourcecode.c.objc; path = SBJsonWriter.m; sourceTree = "<group>"; };
		8748B71B150F6E0C00A2DE88 /* ShareCenterExample.app */ = {isa = PBXFileReference; explicitFileType = wrapper.application; includeInIndex = 0; path = ShareCenterExample.app; sourceTree = BUILT_PRODUCTS_DIR; };
		8748B71F150F6E0C00A2DE88 /* UIKit.framework */ = {isa = PBXFileReference; lastKnownFileType = wrapper.framework; name = UIKit.framework; path = System/Library/Frameworks/UIKit.framework; sourceTree = SDKROOT; };
		8748B721150F6E0C00A2DE88 /* Foundation.framework */ = {isa = PBXFileReference; lastKnownFileType = wrapper.framework; name = Foundation.framework; path = System/Library/Frameworks/Foundation.framework; sourceTree = SDKROOT; };
		8748B723150F6E0C00A2DE88 /* CoreGraphics.framework */ = {isa = PBXFileReference; lastKnownFileType = wrapper.framework; name = CoreGraphics.framework; path = System/Library/Frameworks/CoreGraphics.framework; sourceTree = SDKROOT; };
		8748B727150F6E0C00A2DE88 /* ShareCenterExample-Info.plist */ = {isa = PBXFileReference; lastKnownFileType = text.plist.xml; path = "ShareCenterExample-Info.plist"; sourceTree = "<group>"; };
		8748B729150F6E0C00A2DE88 /* en */ = {isa = PBXFileReference; lastKnownFileType = text.plist.strings; name = en; path = en.lproj/InfoPlist.strings; sourceTree = "<group>"; };
		8748B72B150F6E0C00A2DE88 /* main.m */ = {isa = PBXFileReference; lastKnownFileType = sourcecode.c.objc; path = main.m; sourceTree = "<group>"; };
		8748B72D150F6E0C00A2DE88 /* ShareCenterExample-Prefix.pch */ = {isa = PBXFileReference; lastKnownFileType = sourcecode.c.h; path = "ShareCenterExample-Prefix.pch"; sourceTree = "<group>"; };
		8748B72E150F6E0D00A2DE88 /* CUAppDelegate.h */ = {isa = PBXFileReference; lastKnownFileType = sourcecode.c.h; path = CUAppDelegate.h; sourceTree = "<group>"; };
		8748B72F150F6E0D00A2DE88 /* CUAppDelegate.m */ = {isa = PBXFileReference; lastKnownFileType = sourcecode.c.objc; path = CUAppDelegate.m; sourceTree = "<group>"; };
		8748B731150F6E0D00A2DE88 /* CUViewController.h */ = {isa = PBXFileReference; lastKnownFileType = sourcecode.c.h; path = CUViewController.h; sourceTree = "<group>"; };
		8748B732150F6E0D00A2DE88 /* CUViewController.m */ = {isa = PBXFileReference; lastKnownFileType = sourcecode.c.objc; path = CUViewController.m; sourceTree = "<group>"; };
		8748B735150F6E0D00A2DE88 /* en */ = {isa = PBXFileReference; lastKnownFileType = file.xib; name = en; path = en.lproj/CUViewController.xib; sourceTree = "<group>"; };
		8748B741150F6E5500A2DE88 /* SystemConfiguration.framework */ = {isa = PBXFileReference; lastKnownFileType = wrapper.framework; name = SystemConfiguration.framework; path = System/Library/Frameworks/SystemConfiguration.framework; sourceTree = SDKROOT; };
		8748B743150F6E5E00A2DE88 /* libz.1.2.5.dylib */ = {isa = PBXFileReference; lastKnownFileType = "compiled.mach-o.dylib"; name = libz.1.2.5.dylib; path = usr/lib/libz.1.2.5.dylib; sourceTree = SDKROOT; };
		8748B745150F6E6600A2DE88 /* libxml2.2.7.3.dylib */ = {isa = PBXFileReference; lastKnownFileType = "compiled.mach-o.dylib"; name = libxml2.2.7.3.dylib; path = usr/lib/libxml2.2.7.3.dylib; sourceTree = SDKROOT; };
		8748B747150F6E8000A2DE88 /* CFNetwork.framework */ = {isa = PBXFileReference; lastKnownFileType = wrapper.framework; name = CFNetwork.framework; path = System/Library/Frameworks/CFNetwork.framework; sourceTree = SDKROOT; };
		8748B749150F6E8C00A2DE88 /* MobileCoreServices.framework */ = {isa = PBXFileReference; lastKnownFileType = wrapper.framework; name = MobileCoreServices.framework; path = System/Library/Frameworks/MobileCoreServices.framework; sourceTree = SDKROOT; };
		8748B74D150F6ECD00A2DE88 /* ASIAuthenticationDialog.h */ = {isa = PBXFileReference; fileEncoding = 4; lastKnownFileType = sourcecode.c.h; path = ASIAuthenticationDialog.h; sourceTree = "<group>"; };
		8748B74E150F6ECD00A2DE88 /* ASIAuthenticationDialog.m */ = {isa = PBXFileReference; fileEncoding = 4; lastKnownFileType = sourcecode.c.objc; path = ASIAuthenticationDialog.m; sourceTree = "<group>"; };
		8748B74F150F6ECD00A2DE88 /* ASICacheDelegate.h */ = {isa = PBXFileReference; fileEncoding = 4; lastKnownFileType = sourcecode.c.h; path = ASICacheDelegate.h; sourceTree = "<group>"; };
		8748B750150F6ECD00A2DE88 /* ASIDataCompressor.h */ = {isa = PBXFileReference; fileEncoding = 4; lastKnownFileType = sourcecode.c.h; path = ASIDataCompressor.h; sourceTree = "<group>"; };
		8748B751150F6ECD00A2DE88 /* ASIDataCompressor.m */ = {isa = PBXFileReference; fileEncoding = 4; lastKnownFileType = sourcecode.c.objc; path = ASIDataCompressor.m; sourceTree = "<group>"; };
		8748B752150F6ECD00A2DE88 /* ASIDataDecompressor.h */ = {isa = PBXFileReference; fileEncoding = 4; lastKnownFileType = sourcecode.c.h; path = ASIDataDecompressor.h; sourceTree = "<group>"; };
		8748B753150F6ECD00A2DE88 /* ASIDataDecompressor.m */ = {isa = PBXFileReference; fileEncoding = 4; lastKnownFileType = sourcecode.c.objc; path = ASIDataDecompressor.m; sourceTree = "<group>"; };
		8748B754150F6ECD00A2DE88 /* ASIDownloadCache.h */ = {isa = PBXFileReference; fileEncoding = 4; lastKnownFileType = sourcecode.c.h; path = ASIDownloadCache.h; sourceTree = "<group>"; };
		8748B755150F6ECD00A2DE88 /* ASIDownloadCache.m */ = {isa = PBXFileReference; fileEncoding = 4; lastKnownFileType = sourcecode.c.objc; path = ASIDownloadCache.m; sourceTree = "<group>"; };
		8748B756150F6ECD00A2DE88 /* ASIFormDataRequest.h */ = {isa = PBXFileReference; fileEncoding = 4; lastKnownFileType = sourcecode.c.h; path = ASIFormDataRequest.h; sourceTree = "<group>"; };
		8748B757150F6ECD00A2DE88 /* ASIFormDataRequest.m */ = {isa = PBXFileReference; fileEncoding = 4; lastKnownFileType = sourcecode.c.objc; path = ASIFormDataRequest.m; sourceTree = "<group>"; };
		8748B758150F6ECD00A2DE88 /* ASIHTTPRequest.h */ = {isa = PBXFileReference; fileEncoding = 4; lastKnownFileType = sourcecode.c.h; path = ASIHTTPRequest.h; sourceTree = "<group>"; };
		8748B759150F6ECD00A2DE88 /* ASIHTTPRequest.m */ = {isa = PBXFileReference; fileEncoding = 4; lastKnownFileType = sourcecode.c.objc; path = ASIHTTPRequest.m; sourceTree = "<group>"; };
		8748B75A150F6ECD00A2DE88 /* ASIHTTPRequestConfig.h */ = {isa = PBXFileReference; fileEncoding = 4; lastKnownFileType = sourcecode.c.h; path = ASIHTTPRequestConfig.h; sourceTree = "<group>"; };
		8748B75B150F6ECD00A2DE88 /* ASIHTTPRequestDelegate.h */ = {isa = PBXFileReference; fileEncoding = 4; lastKnownFileType = sourcecode.c.h; path = ASIHTTPRequestDelegate.h; sourceTree = "<group>"; };
		8748B75C150F6ECD00A2DE88 /* ASIInputStream.h */ = {isa = PBXFileReference; fileEncoding = 4; lastKnownFileType = sourcecode.c.h; path = ASIInputStream.h; sourceTree = "<group>"; };
		8748B75D150F6ECD00A2DE88 /* ASIInputStream.m */ = {isa = PBXFileReference; fileEncoding = 4; lastKnownFileType = sourcecode.c.objc; path = ASIInputStream.m; sourceTree = "<group>"; };
		8748B75E150F6ECD00A2DE88 /* ASINetworkQueue.h */ = {isa = PBXFileReference; fileEncoding = 4; lastKnownFileType = sourcecode.c.h; path = ASINetworkQueue.h; sourceTree = "<group>"; };
		8748B75F150F6ECD00A2DE88 /* ASINetworkQueue.m */ = {isa = PBXFileReference; fileEncoding = 4; lastKnownFileType = sourcecode.c.objc; path = ASINetworkQueue.m; sourceTree = "<group>"; };
		8748B760150F6ECD00A2DE88 /* ASIProgressDelegate.h */ = {isa = PBXFileReference; fileEncoding = 4; lastKnownFileType = sourcecode.c.h; path = ASIProgressDelegate.h; sourceTree = "<group>"; };
		8748B762150F6ECD00A2DE88 /* ASIWebPageRequest.h */ = {isa = PBXFileReference; fileEncoding = 4; lastKnownFileType = sourcecode.c.h; path = ASIWebPageRequest.h; sourceTree = "<group>"; };
		8748B763150F6ECD00A2DE88 /* ASIWebPageRequest.m */ = {isa = PBXFileReference; fileEncoding = 4; lastKnownFileType = sourcecode.c.objc; path = ASIWebPageRequest.m; sourceTree = "<group>"; };
		8748B765150F6ECD00A2DE88 /* ASICloudFilesCDNRequest.h */ = {isa = PBXFileReference; fileEncoding = 4; lastKnownFileType = sourcecode.c.h; path = ASICloudFilesCDNRequest.h; sourceTree = "<group>"; };
		8748B766150F6ECD00A2DE88 /* ASICloudFilesCDNRequest.m */ = {isa = PBXFileReference; fileEncoding = 4; lastKnownFileType = sourcecode.c.objc; path = ASICloudFilesCDNRequest.m; sourceTree = "<group>"; };
		8748B767150F6ECD00A2DE88 /* ASICloudFilesContainer.h */ = {isa = PBXFileReference; fileEncoding = 4; lastKnownFileType = sourcecode.c.h; path = ASICloudFilesContainer.h; sourceTree = "<group>"; };
		8748B768150F6ECD00A2DE88 /* ASICloudFilesContainer.m */ = {isa = PBXFileReference; fileEncoding = 4; lastKnownFileType = sourcecode.c.objc; path = ASICloudFilesContainer.m; sourceTree = "<group>"; };
		8748B769150F6ECD00A2DE88 /* ASICloudFilesContainerRequest.h */ = {isa = PBXFileReference; fileEncoding = 4; lastKnownFileType = sourcecode.c.h; path = ASICloudFilesContainerRequest.h; sourceTree = "<group>"; };
		8748B76A150F6ECD00A2DE88 /* ASICloudFilesContainerRequest.m */ = {isa = PBXFileReference; fileEncoding = 4; lastKnownFileType = sourcecode.c.objc; path = ASICloudFilesContainerRequest.m; sourceTree = "<group>"; };
		8748B76B150F6ECD00A2DE88 /* ASICloudFilesContainerXMLParserDelegate.h */ = {isa = PBXFileReference; fileEncoding = 4; lastKnownFileType = sourcecode.c.h; path = ASICloudFilesContainerXMLParserDelegate.h; sourceTree = "<group>"; };
		8748B76C150F6ECD00A2DE88 /* ASICloudFilesContainerXMLParserDelegate.m */ = {isa = PBXFileReference; fileEncoding = 4; lastKnownFileType = sourcecode.c.objc; path = ASICloudFilesContainerXMLParserDelegate.m; sourceTree = "<group>"; };
		8748B76D150F6ECD00A2DE88 /* ASICloudFilesObject.h */ = {isa = PBXFileReference; fileEncoding = 4; lastKnownFileType = sourcecode.c.h; path = ASICloudFilesObject.h; sourceTree = "<group>"; };
		8748B76E150F6ECD00A2DE88 /* ASICloudFilesObject.m */ = {isa = PBXFileReference; fileEncoding = 4; lastKnownFileType = sourcecode.c.objc; path = ASICloudFilesObject.m; sourceTree = "<group>"; };
		8748B76F150F6ECD00A2DE88 /* ASICloudFilesObjectRequest.h */ = {isa = PBXFileReference; fileEncoding = 4; lastKnownFileType = sourcecode.c.h; path = ASICloudFilesObjectRequest.h; sourceTree = "<group>"; };
		8748B770150F6ECD00A2DE88 /* ASICloudFilesObjectRequest.m */ = {isa = PBXFileReference; fileEncoding = 4; lastKnownFileType = sourcecode.c.objc; path = ASICloudFilesObjectRequest.m; sourceTree = "<group>"; };
		8748B771150F6ECD00A2DE88 /* ASICloudFilesRequest.h */ = {isa = PBXFileReference; fileEncoding = 4; lastKnownFileType = sourcecode.c.h; path = ASICloudFilesRequest.h; sourceTree = "<group>"; };
		8748B772150F6ECD00A2DE88 /* ASICloudFilesRequest.m */ = {isa = PBXFileReference; fileEncoding = 4; lastKnownFileType = sourcecode.c.objc; path = ASICloudFilesRequest.m; sourceTree = "<group>"; };
		8748B775150F6ECD00A2DE88 /* Reachability.h */ = {isa = PBXFileReference; fileEncoding = 4; lastKnownFileType = sourcecode.c.h; path = Reachability.h; sourceTree = "<group>"; };
		8748B776150F6ECD00A2DE88 /* Reachability.m */ = {isa = PBXFileReference; fileEncoding = 4; lastKnownFileType = sourcecode.c.objc; path = Reachability.m; sourceTree = "<group>"; };
		8748B778150F6ECD00A2DE88 /* ASINSXMLParserCompat.h */ = {isa = PBXFileReference; fileEncoding = 4; lastKnownFileType = sourcecode.c.h; path = ASINSXMLParserCompat.h; sourceTree = "<group>"; };
		8748B779150F6ECD00A2DE88 /* ASIS3Bucket.h */ = {isa = PBXFileReference; fileEncoding = 4; lastKnownFileType = sourcecode.c.h; path = ASIS3Bucket.h; sourceTree = "<group>"; };
		8748B77A150F6ECD00A2DE88 /* ASIS3Bucket.m */ = {isa = PBXFileReference; fileEncoding = 4; lastKnownFileType = sourcecode.c.objc; path = ASIS3Bucket.m; sourceTree = "<group>"; };
		8748B77B150F6ECD00A2DE88 /* ASIS3BucketObject.h */ = {isa = PBXFileReference; fileEncoding = 4; lastKnownFileType = sourcecode.c.h; path = ASIS3BucketObject.h; sourceTree = "<group>"; };
		8748B77C150F6ECD00A2DE88 /* ASIS3BucketObject.m */ = {isa = PBXFileReference; fileEncoding = 4; lastKnownFileType = sourcecode.c.objc; path = ASIS3BucketObject.m; sourceTree = "<group>"; };
		8748B77D150F6ECD00A2DE88 /* ASIS3BucketRequest.h */ = {isa = PBXFileReference; fileEncoding = 4; lastKnownFileType = sourcecode.c.h; path = ASIS3BucketRequest.h; sourceTree = "<group>"; };
		8748B77E150F6ECD00A2DE88 /* ASIS3BucketRequest.m */ = {isa = PBXFileReference; fileEncoding = 4; lastKnownFileType = sourcecode.c.objc; path = ASIS3BucketRequest.m; sourceTree = "<group>"; };
		8748B77F150F6ECD00A2DE88 /* ASIS3ObjectRequest.h */ = {isa = PBXFileReference; fileEncoding = 4; lastKnownFileType = sourcecode.c.h; path = ASIS3ObjectRequest.h; sourceTree = "<group>"; };
		8748B780150F6ECD00A2DE88 /* ASIS3ObjectRequest.m */ = {isa = PBXFileReference; fileEncoding = 4; lastKnownFileType = sourcecode.c.objc; path = ASIS3ObjectRequest.m; sourceTree = "<group>"; };
		8748B781150F6ECD00A2DE88 /* ASIS3Request.h */ = {isa = PBXFileReference; fileEncoding = 4; lastKnownFileType = sourcecode.c.h; path = ASIS3Request.h; sourceTree = "<group>"; };
		8748B782150F6ECD00A2DE88 /* ASIS3Request.m */ = {isa = PBXFileReference; fileEncoding = 4; lastKnownFileType = sourcecode.c.objc; path = ASIS3Request.m; sourceTree = "<group>"; };
		8748B783150F6ECD00A2DE88 /* ASIS3ServiceRequest.h */ = {isa = PBXFileReference; fileEncoding = 4; lastKnownFileType = sourcecode.c.h; path = ASIS3ServiceRequest.h; sourceTree = "<group>"; };
		8748B784150F6ECD00A2DE88 /* ASIS3ServiceRequest.m */ = {isa = PBXFileReference; fileEncoding = 4; lastKnownFileType = sourcecode.c.objc; path = ASIS3ServiceRequest.m; sourceTree = "<group>"; };
		8748B802150F6EFD00A2DE88 /* CUShareCenter.h */ = {isa = PBXFileReference; fileEncoding = 4; lastKnownFileType = sourcecode.c.h; path = CUShareCenter.h; sourceTree = "<group>"; };
		8748B803150F6EFD00A2DE88 /* CUShareCenter.m */ = {isa = PBXFileReference; fileEncoding = 4; lastKnownFileType = sourcecode.c.objc; path = CUShareCenter.m; sourceTree = "<group>"; };
		8748B80D150F7A6800A2DE88 /* CUShareClient.h */ = {isa = PBXFileReference; fileEncoding = 4; lastKnownFileType = sourcecode.c.h; path = CUShareClient.h; sourceTree = "<group>"; };
		8748B80E150F7A6800A2DE88 /* CUShareClient.m */ = {isa = PBXFileReference; fileEncoding = 4; lastKnownFileType = sourcecode.c.objc; path = CUShareClient.m; sourceTree = "<group>"; };
		8748B87B150F7F2800A2DE88 /* CUSinaShareClient.h */ = {isa = PBXFileReference; fileEncoding = 4; lastKnownFileType = sourcecode.c.h; path = CUSinaShareClient.h; sourceTree = "<group>"; };
		8748B87C150F7F2800A2DE88 /* CUSinaShareClient.m */ = {isa = PBXFileReference; fileEncoding = 4; lastKnownFileType = sourcecode.c.objc; path = CUSinaShareClient.m; sourceTree = "<group>"; };
		87869A6F151080C40079D8FC /* test.jpg */ = {isa = PBXFileReference; lastKnownFileType = image.jpeg; path = test.jpg; sourceTree = "<group>"; };
		87869A8715108C820079D8FC /* Renren.h */ = {isa = PBXFileReference; fileEncoding = 4; lastKnownFileType = sourcecode.c.h; path = Renren.h; sourceTree = "<group>"; };
		87869A8815108C820079D8FC /* Renren.m */ = {isa = PBXFileReference; fileEncoding = 4; lastKnownFileType = sourcecode.c.objc; path = Renren.m; sourceTree = "<group>"; };
		87869A8915108C820079D8FC /* ROConnect.h */ = {isa = PBXFileReference; fileEncoding = 4; lastKnownFileType = sourcecode.c.h; path = ROConnect.h; sourceTree = "<group>"; };
		87869A8B15108C820079D8FC /* ROBaseDialogViewController.h */ = {isa = PBXFileReference; fileEncoding = 4; lastKnownFileType = sourcecode.c.h; path = ROBaseDialogViewController.h; sourceTree = "<group>"; };
		87869A8C15108C820079D8FC /* ROBaseDialogViewController.m */ = {isa = PBXFileReference; fileEncoding = 4; lastKnownFileType = sourcecode.c.objc; path = ROBaseDialogViewController.m; sourceTree = "<group>"; };
		87869A8D15108C820079D8FC /* ROCheckDialogViewController.h */ = {isa = PBXFileReference; fileEncoding = 4; lastKnownFileType = sourcecode.c.h; path = ROCheckDialogViewController.h; sourceTree = "<group>"; };
		87869A8E15108C820079D8FC /* ROCheckDialogViewController.m */ = {isa = PBXFileReference; fileEncoding = 4; lastKnownFileType = sourcecode.c.objc; path = ROCheckDialogViewController.m; sourceTree = "<group>"; };
		87869A8F15108C820079D8FC /* ROWebDialogViewController.h */ = {isa = PBXFileReference; fileEncoding = 4; lastKnownFileType = sourcecode.c.h; path = ROWebDialogViewController.h; sourceTree = "<group>"; };
		87869A9015108C820079D8FC /* ROWebDialogViewController.m */ = {isa = PBXFileReference; fileEncoding = 4; lastKnownFileType = sourcecode.c.objc; path = ROWebDialogViewController.m; sourceTree = "<group>"; };
		87869A9215108C820079D8FC /* ROError.h */ = {isa = PBXFileReference; fileEncoding = 4; lastKnownFileType = sourcecode.c.h; path = ROError.h; sourceTree = "<group>"; };
		87869A9315108C820079D8FC /* ROError.m */ = {isa = PBXFileReference; fileEncoding = 4; lastKnownFileType = sourcecode.c.objc; path = ROError.m; sourceTree = "<group>"; };
		87869A9515108C820079D8FC /* ROBaseNavigationViewController.h */ = {isa = PBXFileReference; fileEncoding = 4; lastKnownFileType = sourcecode.c.h; path = ROBaseNavigationViewController.h; sourceTree = "<group>"; };
		87869A9615108C820079D8FC /* ROBaseNavigationViewController.m */ = {isa = PBXFileReference; fileEncoding = 4; lastKnownFileType = sourcecode.c.objc; path = ROBaseNavigationViewController.m; sourceTree = "<group>"; };
		87869A9715108C820079D8FC /* ROCheckNavigationViewController.h */ = {isa = PBXFileReference; fileEncoding = 4; lastKnownFileType = sourcecode.c.h; path = ROCheckNavigationViewController.h; sourceTree = "<group>"; };
		87869A9815108C820079D8FC /* ROCheckNavigationViewController.m */ = {isa = PBXFileReference; fileEncoding = 4; lastKnownFileType = sourcecode.c.objc; path = ROCheckNavigationViewController.m; sourceTree = "<group>"; };
		87869A9915108C820079D8FC /* ROWebNavigationViewController.h */ = {isa = PBXFileReference; fileEncoding = 4; lastKnownFileType = sourcecode.c.h; path = ROWebNavigationViewController.h; sourceTree = "<group>"; };
		87869A9A15108C820079D8FC /* ROWebNavigationViewController.m */ = {isa = PBXFileReference; fileEncoding = 4; lastKnownFileType = sourcecode.c.objc; path = ROWebNavigationViewController.m; sourceTree = "<group>"; };
		87869A9D15108C820079D8FC /* ROAlbumsInfoRequestParam.h */ = {isa = PBXFileReference; fileEncoding = 4; lastKnownFileType = sourcecode.c.h; path = ROAlbumsInfoRequestParam.h; sourceTree = "<group>"; };
		87869A9E15108C820079D8FC /* ROAlbumsInfoRequestParam.m */ = {isa = PBXFileReference; fileEncoding = 4; lastKnownFileType = sourcecode.c.objc; path = ROAlbumsInfoRequestParam.m; sourceTree = "<group>"; };
		87869A9F15108C820079D8FC /* ROPasswordFlowRequestParam.h */ = {isa = PBXFileReference; fileEncoding = 4; lastKnownFileType = sourcecode.c.h; path = ROPasswordFlowRequestParam.h; sourceTree = "<group>"; };
		87869AA015108C820079D8FC /* ROPasswordFlowRequestParam.m */ = {isa = PBXFileReference; fileEncoding = 4; lastKnownFileType = sourcecode.c.objc; path = ROPasswordFlowRequestParam.m; sourceTree = "<group>"; };
		87869AA115108C820079D8FC /* RORequestParam.h */ = {isa = PBXFileReference; fileEncoding = 4; lastKnownFileType = sourcecode.c.h; path = RORequestParam.h; sourceTree = "<group>"; };
		87869AA215108C820079D8FC /* RORequestParam.m */ = {isa = PBXFileReference; fileEncoding = 4; lastKnownFileType = sourcecode.c.objc; path = RORequestParam.m; sourceTree = "<group>"; };
		87869AA315108C820079D8FC /* ROUserInfoRequestParam.h */ = {isa = PBXFileReference; fileEncoding = 4; lastKnownFileType = sourcecode.c.h; path = ROUserInfoRequestParam.h; sourceTree = "<group>"; };
		87869AA415108C820079D8FC /* ROUserInfoRequestParam.m */ = {isa = PBXFileReference; fileEncoding = 4; lastKnownFileType = sourcecode.c.objc; path = ROUserInfoRequestParam.m; sourceTree = "<group>"; };
		87869AA615108C820079D8FC /* ROAlbumResponseltem.h */ = {isa = PBXFileReference; fileEncoding = 4; lastKnownFileType = sourcecode.c.h; path = ROAlbumResponseltem.h; sourceTree = "<group>"; };
		87869AA715108C820079D8FC /* ROAlbumResponseltem.m */ = {isa = PBXFileReference; fileEncoding = 4; lastKnownFileType = sourcecode.c.objc; path = ROAlbumResponseltem.m; sourceTree = "<group>"; };
		87869AA815108C820079D8FC /* ROResponseItem.h */ = {isa = PBXFileReference; fileEncoding = 4; lastKnownFileType = sourcecode.c.h; path = ROResponseItem.h; sourceTree = "<group>"; };
		87869AA915108C820079D8FC /* ROResponseItem.m */ = {isa = PBXFileReference; fileEncoding = 4; lastKnownFileType = sourcecode.c.objc; path = ROResponseItem.m; sourceTree = "<group>"; };
		87869AAA15108C820079D8FC /* ROUserResponseItem.h */ = {isa = PBXFileReference; fileEncoding = 4; lastKnownFileType = sourcecode.c.h; path = ROUserResponseItem.h; sourceTree = "<group>"; };
		87869AAB15108C820079D8FC /* ROUserResponseItem.m */ = {isa = PBXFileReference; fileEncoding = 4; lastKnownFileType = sourcecode.c.objc; path = ROUserResponseItem.m; sourceTree = "<group>"; };
		87869AAC15108C820079D8FC /* RORequest.h */ = {isa = PBXFileReference; fileEncoding = 4; lastKnownFileType = sourcecode.c.h; path = RORequest.h; sourceTree = "<group>"; };
		87869AAD15108C820079D8FC /* RORequest.m */ = {isa = PBXFileReference; fileEncoding = 4; lastKnownFileType = sourcecode.c.objc; path = RORequest.m; sourceTree = "<group>"; };
		87869AAE15108C820079D8FC /* ROResponse.h */ = {isa = PBXFileReference; fileEncoding = 4; lastKnownFileType = sourcecode.c.h; path = ROResponse.h; sourceTree = "<group>"; };
		87869AAF15108C820079D8FC /* ROResponse.m */ = {isa = PBXFileReference; fileEncoding = 4; lastKnownFileType = sourcecode.c.objc; path = ROResponse.m; sourceTree = "<group>"; };
		87869AB115108C820079D8FC /* ROMacroDef.h */ = {isa = PBXFileReference; fileEncoding = 4; lastKnownFileType = sourcecode.c.h; path = ROMacroDef.h; sourceTree = "<group>"; };
		87869AB215108C820079D8FC /* ROUtility.h */ = {isa = PBXFileReference; fileEncoding = 4; lastKnownFileType = sourcecode.c.h; path = ROUtility.h; sourceTree = "<group>"; };
		87869AB315108C820079D8FC /* ROUtility.m */ = {isa = PBXFileReference; fileEncoding = 4; lastKnownFileType = sourcecode.c.objc; path = ROUtility.m; sourceTree = "<group>"; };
		87869AC715108E700079D8FC /* CURenrenShareClient.h */ = {isa = PBXFileReference; fileEncoding = 4; lastKnownFileType = sourcecode.c.h; path = CURenrenShareClient.h; sourceTree = "<group>"; };
		87869AC815108E700079D8FC /* CURenrenShareClient.m */ = {isa = PBXFileReference; fileEncoding = 4; lastKnownFileType = sourcecode.c.objc; path = CURenrenShareClient.m; sourceTree = "<group>"; };
		87896A3E151187A500D6189C /* WBAuthorize.h */ = {isa = PBXFileReference; fileEncoding = 4; lastKnownFileType = sourcecode.c.h; path = WBAuthorize.h; sourceTree = "<group>"; };
		87896A3F151187A500D6189C /* WBAuthorize.m */ = {isa = PBXFileReference; fileEncoding = 4; lastKnownFileType = sourcecode.c.objc; path = WBAuthorize.m; sourceTree = "<group>"; };
		87896A40151187A500D6189C /* WBAuthorizeWebView.h */ = {isa = PBXFileReference; fileEncoding = 4; lastKnownFileType = sourcecode.c.h; path = WBAuthorizeWebView.h; sourceTree = "<group>"; };
		87896A41151187A500D6189C /* WBAuthorizeWebView.m */ = {isa = PBXFileReference; fileEncoding = 4; lastKnownFileType = sourcecode.c.objc; path = WBAuthorizeWebView.m; sourceTree = "<group>"; };
		87896A42151187A500D6189C /* WBEngine.h */ = {isa = PBXFileReference; fileEncoding = 4; lastKnownFileType = sourcecode.c.h; path = WBEngine.h; sourceTree = "<group>"; };
		87896A43151187A500D6189C /* WBEngine.m */ = {isa = PBXFileReference; fileEncoding = 4; lastKnownFileType = sourcecode.c.objc; path = WBEngine.m; sourceTree = "<group>"; };
		87896A44151187A500D6189C /* WBLogInAlertView.h */ = {isa = PBXFileReference; fileEncoding = 4; lastKnownFileType = sourcecode.c.h; path = WBLogInAlertView.h; sourceTree = "<group>"; };
		87896A45151187A500D6189C /* WBLogInAlertView.m */ = {isa = PBXFileReference; fileEncoding = 4; lastKnownFileType = sourcecode.c.objc; path = WBLogInAlertView.m; sourceTree = "<group>"; };
		87896A46151187A500D6189C /* WBRequest.h */ = {isa = PBXFileReference; fileEncoding = 4; lastKnownFileType = sourcecode.c.h; path = WBRequest.h; sourceTree = "<group>"; };
		87896A47151187A500D6189C /* WBRequest.m */ = {isa = PBXFileReference; fileEncoding = 4; lastKnownFileType = sourcecode.c.objc; path = WBRequest.m; sourceTree = "<group>"; };
		87896A48151187A500D6189C /* WBSDKGlobal.h */ = {isa = PBXFileReference; fileEncoding = 4; lastKnownFileType = sourcecode.c.h; path = WBSDKGlobal.h; sourceTree = "<group>"; };
		87896A49151187A500D6189C /* WBSendView.h */ = {isa = PBXFileReference; fileEncoding = 4; lastKnownFileType = sourcecode.c.h; path = WBSendView.h; sourceTree = "<group>"; };
		87896A4A151187A500D6189C /* WBSendView.m */ = {isa = PBXFileReference; fileEncoding = 4; lastKnownFileType = sourcecode.c.objc; path = WBSendView.m; sourceTree = "<group>"; };
		87896A4B151187A500D6189C /* WBUtil.h */ = {isa = PBXFileReference; fileEncoding = 4; lastKnownFileType = sourcecode.c.h; path = WBUtil.h; sourceTree = "<group>"; };
		87896A4C151187A500D6189C /* WBUtil.m */ = {isa = PBXFileReference; fileEncoding = 4; lastKnownFileType = sourcecode.c.objc; path = WBUtil.m; sourceTree = "<group>"; };
		87896A56151187AB00D6189C /* SFHFKeychainUtils.h */ = {isa = PBXFileReference; fileEncoding = 4; lastKnownFileType = sourcecode.c.h; path = SFHFKeychainUtils.h; sourceTree = "<group>"; };
		87896A57151187AB00D6189C /* SFHFKeychainUtils.m */ = {isa = PBXFileReference; fileEncoding = 4; lastKnownFileType = sourcecode.c.objc; path = SFHFKeychainUtils.m; sourceTree = "<group>"; };
		87896A601511889800D6189C /* GTMBase64.h */ = {isa = PBXFileReference; fileEncoding = 4; lastKnownFileType = sourcecode.c.h; path = GTMBase64.h; sourceTree = "<group>"; };
		87896A611511889800D6189C /* GTMBase64.m */ = {isa = PBXFileReference; fileEncoding = 4; lastKnownFileType = sourcecode.c.objc; path = GTMBase64.m; sourceTree = "<group>"; };
		87896A621511889800D6189C /* GTMDefines.h */ = {isa = PBXFileReference; fileEncoding = 4; lastKnownFileType = sourcecode.c.h; path = GTMDefines.h; sourceTree = "<group>"; };
		87896A6715118BC300D6189C /* Security.framework */ = {isa = PBXFileReference; lastKnownFileType = wrapper.framework; name = Security.framework; path = System/Library/Frameworks/Security.framework; sourceTree = SDKROOT; };
/* End PBXFileReference section */

/* Begin PBXFrameworksBuildPhase section */
		8748B718150F6E0C00A2DE88 /* Frameworks */ = {
			isa = PBXFrameworksBuildPhase;
			buildActionMask = 2147483647;
			files = (
				87896A6815118BC300D6189C /* Security.framework in Frameworks */,
				8748B742150F6E5500A2DE88 /* SystemConfiguration.framework in Frameworks */,
				8748B74A150F6E8C00A2DE88 /* MobileCoreServices.framework in Frameworks */,
				8748B748150F6E8000A2DE88 /* CFNetwork.framework in Frameworks */,
				8748B746150F6E6600A2DE88 /* libxml2.2.7.3.dylib in Frameworks */,
				8748B744150F6E5E00A2DE88 /* libz.1.2.5.dylib in Frameworks */,
				8748B720150F6E0C00A2DE88 /* UIKit.framework in Frameworks */,
				8748B722150F6E0C00A2DE88 /* Foundation.framework in Frameworks */,
				8748B724150F6E0C00A2DE88 /* CoreGraphics.framework in Frameworks */,
			);
			runOnlyForDeploymentPostprocessing = 0;
		};
/* End PBXFrameworksBuildPhase section */

/* Begin PBXGroup section */
		871C1CB215118E78003E510A /* JSON */ = {
			isa = PBXGroup;
			children = (
				871C1CB315118E78003E510A /* JSON.h */,
				871C1CB415118E78003E510A /* NSObject+SBJSON.h */,
				871C1CB515118E78003E510A /* NSObject+SBJSON.m */,
				871C1CB615118E78003E510A /* NSString+SBJSON.h */,
				871C1CB715118E78003E510A /* NSString+SBJSON.m */,
				871C1CB815118E78003E510A /* SBJSON.h */,
				871C1CB915118E78003E510A /* SBJSON.m */,
				871C1CBA15118E78003E510A /* SBJsonBase.h */,
				871C1CBB15118E78003E510A /* SBJsonBase.m */,
				871C1CBC15118E78003E510A /* SBJsonParser.h */,
				871C1CBD15118E78003E510A /* SBJsonParser.m */,
				871C1CBE15118E78003E510A /* SBJsonStreamParser.h */,
				871C1CBF15118E78003E510A /* SBJsonStreamParser.m */,
				871C1CC015118E78003E510A /* SBJsonStreamParserAccumulator.h */,
				871C1CC115118E78003E510A /* SBJsonStreamParserAccumulator.m */,
				871C1CC215118E78003E510A /* SBJsonStreamParserAdapter.h */,
				871C1CC315118E78003E510A /* SBJsonStreamParserAdapter.m */,
				871C1CC415118E78003E510A /* SBJsonStreamParserState.h */,
				871C1CC515118E78003E510A /* SBJsonStreamParserState.m */,
				871C1CC615118E78003E510A /* SBJsonStreamWriter.h */,
				871C1CC715118E78003E510A /* SBJsonStreamWriter.m */,
				871C1CC815118E78003E510A /* SBJsonStreamWriterAccumulator.h */,
				871C1CC915118E78003E510A /* SBJsonStreamWriterAccumulator.m */,
				871C1CCA15118E78003E510A /* SBJsonStreamWriterState.h */,
				871C1CCB15118E78003E510A /* SBJsonStreamWriterState.m */,
				871C1CCC15118E78003E510A /* SBJsonTokeniser.h */,
				871C1CCD15118E78003E510A /* SBJsonTokeniser.m */,
				871C1CCE15118E78003E510A /* SBJsonUTF8Stream.h */,
				871C1CCF15118E78003E510A /* SBJsonUTF8Stream.m */,
				871C1CD015118E78003E510A /* SBJsonWriter.h */,
				871C1CD115118E78003E510A /* SBJsonWriter.m */,
			);
			path = JSON;
			sourceTree = "<group>";
		};
		8748B710150F6E0C00A2DE88 = {
			isa = PBXGroup;
			children = (
				8748B801150F6EE500A2DE88 /* ShareCenter */,
				8748B74B150F6ECD00A2DE88 /* Vender */,
				8748B725150F6E0C00A2DE88 /* ShareCenterExample */,
				8748B71E150F6E0C00A2DE88 /* Frameworks */,
				8748B71C150F6E0C00A2DE88 /* Products */,
			);
			sourceTree = "<group>";
		};
		8748B71C150F6E0C00A2DE88 /* Products */ = {
			isa = PBXGroup;
			children = (
				8748B71B150F6E0C00A2DE88 /* ShareCenterExample.app */,
			);
			name = Products;
			sourceTree = "<group>";
		};
		8748B71E150F6E0C00A2DE88 /* Frameworks */ = {
			isa = PBXGroup;
			children = (
				87896A6715118BC300D6189C /* Security.framework */,
				8748B749150F6E8C00A2DE88 /* MobileCoreServices.framework */,
				8748B747150F6E8000A2DE88 /* CFNetwork.framework */,
				8748B745150F6E6600A2DE88 /* libxml2.2.7.3.dylib */,
				8748B743150F6E5E00A2DE88 /* libz.1.2.5.dylib */,
				8748B741150F6E5500A2DE88 /* SystemConfiguration.framework */,
				8748B71F150F6E0C00A2DE88 /* UIKit.framework */,
				8748B721150F6E0C00A2DE88 /* Foundation.framework */,
				8748B723150F6E0C00A2DE88 /* CoreGraphics.framework */,
			);
			name = Frameworks;
			sourceTree = "<group>";
		};
		8748B725150F6E0C00A2DE88 /* ShareCenterExample */ = {
			isa = PBXGroup;
			children = (
				87869A6F151080C40079D8FC /* test.jpg */,
				8748B72E150F6E0D00A2DE88 /* CUAppDelegate.h */,
				8748B72F150F6E0D00A2DE88 /* CUAppDelegate.m */,
				8748B731150F6E0D00A2DE88 /* CUViewController.h */,
				8748B732150F6E0D00A2DE88 /* CUViewController.m */,
				8748B734150F6E0D00A2DE88 /* CUViewController.xib */,
				8748B726150F6E0C00A2DE88 /* Supporting Files */,
			);
			path = ShareCenterExample;
			sourceTree = "<group>";
		};
		8748B726150F6E0C00A2DE88 /* Supporting Files */ = {
			isa = PBXGroup;
			children = (
				8748B727150F6E0C00A2DE88 /* ShareCenterExample-Info.plist */,
				8748B728150F6E0C00A2DE88 /* InfoPlist.strings */,
				8748B72B150F6E0C00A2DE88 /* main.m */,
				8748B72D150F6E0C00A2DE88 /* ShareCenterExample-Prefix.pch */,
			);
			name = "Supporting Files";
			sourceTree = "<group>";
		};
		8748B74B150F6ECD00A2DE88 /* Vender */ = {
			isa = PBXGroup;
			children = (
				871C1CB215118E78003E510A /* JSON */,
				87896A5F1511889800D6189C /* CTMBase64 */,
				87896A55151187AB00D6189C /* SFHFKeychainUtils */,
				87896A3D151187A500D6189C /* sina */,
				87869A8615108C820079D8FC /* Renren */,
				8748B74C150F6ECD00A2DE88 /* ASIHTTPRequest */,
			);
			path = Vender;
			sourceTree = "<group>";
		};
		8748B74C150F6ECD00A2DE88 /* ASIHTTPRequest */ = {
			isa = PBXGroup;
			children = (
				8748B74D150F6ECD00A2DE88 /* ASIAuthenticationDialog.h */,
				8748B74E150F6ECD00A2DE88 /* ASIAuthenticationDialog.m */,
				8748B74F150F6ECD00A2DE88 /* ASICacheDelegate.h */,
				8748B750150F6ECD00A2DE88 /* ASIDataCompressor.h */,
				8748B751150F6ECD00A2DE88 /* ASIDataCompressor.m */,
				8748B752150F6ECD00A2DE88 /* ASIDataDecompressor.h */,
				8748B753150F6ECD00A2DE88 /* ASIDataDecompressor.m */,
				8748B754150F6ECD00A2DE88 /* ASIDownloadCache.h */,
				8748B755150F6ECD00A2DE88 /* ASIDownloadCache.m */,
				8748B756150F6ECD00A2DE88 /* ASIFormDataRequest.h */,
				8748B757150F6ECD00A2DE88 /* ASIFormDataRequest.m */,
				8748B758150F6ECD00A2DE88 /* ASIHTTPRequest.h */,
				8748B759150F6ECD00A2DE88 /* ASIHTTPRequest.m */,
				8748B75A150F6ECD00A2DE88 /* ASIHTTPRequestConfig.h */,
				8748B75B150F6ECD00A2DE88 /* ASIHTTPRequestDelegate.h */,
				8748B75C150F6ECD00A2DE88 /* ASIInputStream.h */,
				8748B75D150F6ECD00A2DE88 /* ASIInputStream.m */,
				8748B75E150F6ECD00A2DE88 /* ASINetworkQueue.h */,
				8748B75F150F6ECD00A2DE88 /* ASINetworkQueue.m */,
				8748B760150F6ECD00A2DE88 /* ASIProgressDelegate.h */,
				8748B761150F6ECD00A2DE88 /* ASIWebPageRequest */,
				8748B764150F6ECD00A2DE88 /* CloudFiles */,
				8748B773150F6ECD00A2DE88 /* External */,
				8748B777150F6ECD00A2DE88 /* S3 */,
			);
			path = ASIHTTPRequest;
			sourceTree = "<group>";
		};
		8748B761150F6ECD00A2DE88 /* ASIWebPageRequest */ = {
			isa = PBXGroup;
			children = (
				8748B762150F6ECD00A2DE88 /* ASIWebPageRequest.h */,
				8748B763150F6ECD00A2DE88 /* ASIWebPageRequest.m */,
			);
			path = ASIWebPageRequest;
			sourceTree = "<group>";
		};
		8748B764150F6ECD00A2DE88 /* CloudFiles */ = {
			isa = PBXGroup;
			children = (
				8748B765150F6ECD00A2DE88 /* ASICloudFilesCDNRequest.h */,
				8748B766150F6ECD00A2DE88 /* ASICloudFilesCDNRequest.m */,
				8748B767150F6ECD00A2DE88 /* ASICloudFilesContainer.h */,
				8748B768150F6ECD00A2DE88 /* ASICloudFilesContainer.m */,
				8748B769150F6ECD00A2DE88 /* ASICloudFilesContainerRequest.h */,
				8748B76A150F6ECD00A2DE88 /* ASICloudFilesContainerRequest.m */,
				8748B76B150F6ECD00A2DE88 /* ASICloudFilesContainerXMLParserDelegate.h */,
				8748B76C150F6ECD00A2DE88 /* ASICloudFilesContainerXMLParserDelegate.m */,
				8748B76D150F6ECD00A2DE88 /* ASICloudFilesObject.h */,
				8748B76E150F6ECD00A2DE88 /* ASICloudFilesObject.m */,
				8748B76F150F6ECD00A2DE88 /* ASICloudFilesObjectRequest.h */,
				8748B770150F6ECD00A2DE88 /* ASICloudFilesObjectRequest.m */,
				8748B771150F6ECD00A2DE88 /* ASICloudFilesRequest.h */,
				8748B772150F6ECD00A2DE88 /* ASICloudFilesRequest.m */,
			);
			path = CloudFiles;
			sourceTree = "<group>";
		};
		8748B773150F6ECD00A2DE88 /* External */ = {
			isa = PBXGroup;
			children = (
				8748B774150F6ECD00A2DE88 /* Reachability */,
			);
			path = External;
			sourceTree = "<group>";
		};
		8748B774150F6ECD00A2DE88 /* Reachability */ = {
			isa = PBXGroup;
			children = (
				8748B775150F6ECD00A2DE88 /* Reachability.h */,
				8748B776150F6ECD00A2DE88 /* Reachability.m */,
			);
			path = Reachability;
			sourceTree = "<group>";
		};
		8748B777150F6ECD00A2DE88 /* S3 */ = {
			isa = PBXGroup;
			children = (
				8748B778150F6ECD00A2DE88 /* ASINSXMLParserCompat.h */,
				8748B779150F6ECD00A2DE88 /* ASIS3Bucket.h */,
				8748B77A150F6ECD00A2DE88 /* ASIS3Bucket.m */,
				8748B77B150F6ECD00A2DE88 /* ASIS3BucketObject.h */,
				8748B77C150F6ECD00A2DE88 /* ASIS3BucketObject.m */,
				8748B77D150F6ECD00A2DE88 /* ASIS3BucketRequest.h */,
				8748B77E150F6ECD00A2DE88 /* ASIS3BucketRequest.m */,
				8748B77F150F6ECD00A2DE88 /* ASIS3ObjectRequest.h */,
				8748B780150F6ECD00A2DE88 /* ASIS3ObjectRequest.m */,
				8748B781150F6ECD00A2DE88 /* ASIS3Request.h */,
				8748B782150F6ECD00A2DE88 /* ASIS3Request.m */,
				8748B783150F6ECD00A2DE88 /* ASIS3ServiceRequest.h */,
				8748B784150F6ECD00A2DE88 /* ASIS3ServiceRequest.m */,
			);
			path = S3;
			sourceTree = "<group>";
		};
		8748B801150F6EE500A2DE88 /* ShareCenter */ = {
			isa = PBXGroup;
			children = (
				8748B802150F6EFD00A2DE88 /* CUShareCenter.h */,
				8748B803150F6EFD00A2DE88 /* CUShareCenter.m */,
				8748B80D150F7A6800A2DE88 /* CUShareClient.h */,
				8748B80E150F7A6800A2DE88 /* CUShareClient.m */,
				8748B87B150F7F2800A2DE88 /* CUSinaShareClient.h */,
				8748B87C150F7F2800A2DE88 /* CUSinaShareClient.m */,
				87869AC715108E700079D8FC /* CURenrenShareClient.h */,
				87869AC815108E700079D8FC /* CURenrenShareClient.m */,
			);
			path = ShareCenter;
			sourceTree = "<group>";
		};
		87869A8615108C820079D8FC /* Renren */ = {
			isa = PBXGroup;
			children = (
				87869A8715108C820079D8FC /* Renren.h */,
				87869A8815108C820079D8FC /* Renren.m */,
				87869A8915108C820079D8FC /* ROConnect.h */,
				87869A8A15108C820079D8FC /* RODialogViewController */,
				87869A9115108C820079D8FC /* ROError */,
				87869A9415108C820079D8FC /* RONavigationViewController */,
				87869A9B15108C820079D8FC /* RORequest */,
				87869AB015108C820079D8FC /* ROTools */,
			);
			path = Renren;
			sourceTree = "<group>";
		};
		87869A8A15108C820079D8FC /* RODialogViewController */ = {
			isa = PBXGroup;
			children = (
				87869A8B15108C820079D8FC /* ROBaseDialogViewController.h */,
				87869A8C15108C820079D8FC /* ROBaseDialogViewController.m */,
				87869A8D15108C820079D8FC /* ROCheckDialogViewController.h */,
				87869A8E15108C820079D8FC /* ROCheckDialogViewController.m */,
				87869A8F15108C820079D8FC /* ROWebDialogViewController.h */,
				87869A9015108C820079D8FC /* ROWebDialogViewController.m */,
			);
			path = RODialogViewController;
			sourceTree = "<group>";
		};
		87869A9115108C820079D8FC /* ROError */ = {
			isa = PBXGroup;
			children = (
				87869A9215108C820079D8FC /* ROError.h */,
				87869A9315108C820079D8FC /* ROError.m */,
			);
			path = ROError;
			sourceTree = "<group>";
		};
		87869A9415108C820079D8FC /* RONavigationViewController */ = {
			isa = PBXGroup;
			children = (
				87869A9515108C820079D8FC /* ROBaseNavigationViewController.h */,
				87869A9615108C820079D8FC /* ROBaseNavigationViewController.m */,
				87869A9715108C820079D8FC /* ROCheckNavigationViewController.h */,
				87869A9815108C820079D8FC /* ROCheckNavigationViewController.m */,
				87869A9915108C820079D8FC /* ROWebNavigationViewController.h */,
				87869A9A15108C820079D8FC /* ROWebNavigationViewController.m */,
			);
			path = RONavigationViewController;
			sourceTree = "<group>";
		};
		87869A9B15108C820079D8FC /* RORequest */ = {
			isa = PBXGroup;
			children = (
				87869A9C15108C820079D8FC /* RequestParam */,
				87869AA515108C820079D8FC /* ResponseItem */,
				87869AAC15108C820079D8FC /* RORequest.h */,
				87869AAD15108C820079D8FC /* RORequest.m */,
				87869AAE15108C820079D8FC /* ROResponse.h */,
				87869AAF15108C820079D8FC /* ROResponse.m */,
			);
			path = RORequest;
			sourceTree = "<group>";
		};
		87869A9C15108C820079D8FC /* RequestParam */ = {
			isa = PBXGroup;
			children = (
				87869A9D15108C820079D8FC /* ROAlbumsInfoRequestParam.h */,
				87869A9E15108C820079D8FC /* ROAlbumsInfoRequestParam.m */,
				87869A9F15108C820079D8FC /* ROPasswordFlowRequestParam.h */,
				87869AA015108C820079D8FC /* ROPasswordFlowRequestParam.m */,
				87869AA115108C820079D8FC /* RORequestParam.h */,
				87869AA215108C820079D8FC /* RORequestParam.m */,
				87869AA315108C820079D8FC /* ROUserInfoRequestParam.h */,
				87869AA415108C820079D8FC /* ROUserInfoRequestParam.m */,
			);
			path = RequestParam;
			sourceTree = "<group>";
		};
		87869AA515108C820079D8FC /* ResponseItem */ = {
			isa = PBXGroup;
			children = (
				87869AA615108C820079D8FC /* ROAlbumResponseltem.h */,
				87869AA715108C820079D8FC /* ROAlbumResponseltem.m */,
				87869AA815108C820079D8FC /* ROResponseItem.h */,
				87869AA915108C820079D8FC /* ROResponseItem.m */,
				87869AAA15108C820079D8FC /* ROUserResponseItem.h */,
				87869AAB15108C820079D8FC /* ROUserResponseItem.m */,
			);
			path = ResponseItem;
			sourceTree = "<group>";
		};
		87869AB015108C820079D8FC /* ROTools */ = {
			isa = PBXGroup;
			children = (
				87869AB115108C820079D8FC /* ROMacroDef.h */,
				87869AB215108C820079D8FC /* ROUtility.h */,
				87869AB315108C820079D8FC /* ROUtility.m */,
			);
			path = ROTools;
			sourceTree = "<group>";
		};
		87896A3D151187A500D6189C /* sina */ = {
			isa = PBXGroup;
			children = (
				87896A3E151187A500D6189C /* WBAuthorize.h */,
				87896A3F151187A500D6189C /* WBAuthorize.m */,
				87896A40151187A500D6189C /* WBAuthorizeWebView.h */,
				87896A41151187A500D6189C /* WBAuthorizeWebView.m */,
				87896A42151187A500D6189C /* WBEngine.h */,
				87896A43151187A500D6189C /* WBEngine.m */,
				87896A44151187A500D6189C /* WBLogInAlertView.h */,
				87896A45151187A500D6189C /* WBLogInAlertView.m */,
				87896A46151187A500D6189C /* WBRequest.h */,
				87896A47151187A500D6189C /* WBRequest.m */,
				87896A48151187A500D6189C /* WBSDKGlobal.h */,
				87896A49151187A500D6189C /* WBSendView.h */,
				87896A4A151187A500D6189C /* WBSendView.m */,
				87896A4B151187A500D6189C /* WBUtil.h */,
				87896A4C151187A500D6189C /* WBUtil.m */,
			);
			path = sina;
			sourceTree = "<group>";
		};
		87896A55151187AB00D6189C /* SFHFKeychainUtils */ = {
			isa = PBXGroup;
			children = (
				87896A56151187AB00D6189C /* SFHFKeychainUtils.h */,
				87896A57151187AB00D6189C /* SFHFKeychainUtils.m */,
			);
			path = SFHFKeychainUtils;
			sourceTree = "<group>";
		};
		87896A5F1511889800D6189C /* CTMBase64 */ = {
			isa = PBXGroup;
			children = (
				87896A601511889800D6189C /* GTMBase64.h */,
				87896A611511889800D6189C /* GTMBase64.m */,
				87896A621511889800D6189C /* GTMDefines.h */,
			);
			path = CTMBase64;
			sourceTree = "<group>";
		};
/* End PBXGroup section */

/* Begin PBXNativeTarget section */
		8748B71A150F6E0C00A2DE88 /* ShareCenterExample */ = {
			isa = PBXNativeTarget;
			buildConfigurationList = 8748B739150F6E0D00A2DE88 /* Build configuration list for PBXNativeTarget "ShareCenterExample" */;
			buildPhases = (
				8748B717150F6E0C00A2DE88 /* Sources */,
				8748B718150F6E0C00A2DE88 /* Frameworks */,
				8748B719150F6E0C00A2DE88 /* Resources */,
			);
			buildRules = (
			);
			dependencies = (
			);
			name = ShareCenterExample;
			productName = ShareCenterExample;
			productReference = 8748B71B150F6E0C00A2DE88 /* ShareCenterExample.app */;
			productType = "com.apple.product-type.application";
		};
/* End PBXNativeTarget section */

/* Begin PBXProject section */
		8748B712150F6E0C00A2DE88 /* Project object */ = {
			isa = PBXProject;
			attributes = {
				CLASSPREFIX = CU;
				LastUpgradeCheck = 0430;
				ORGANIZATIONNAME = zhubu;
			};
			buildConfigurationList = 8748B715150F6E0C00A2DE88 /* Build configuration list for PBXProject "ShareCenterExample" */;
			compatibilityVersion = "Xcode 3.2";
			developmentRegion = English;
			hasScannedForEncodings = 0;
			knownRegions = (
				en,
			);
			mainGroup = 8748B710150F6E0C00A2DE88;
			productRefGroup = 8748B71C150F6E0C00A2DE88 /* Products */;
			projectDirPath = "";
			projectRoot = "";
			targets = (
				8748B71A150F6E0C00A2DE88 /* ShareCenterExample */,
			);
		};
/* End PBXProject section */

/* Begin PBXResourcesBuildPhase section */
		8748B719150F6E0C00A2DE88 /* Resources */ = {
			isa = PBXResourcesBuildPhase;
			buildActionMask = 2147483647;
			files = (
				8748B72A150F6E0C00A2DE88 /* InfoPlist.strings in Resources */,
				8748B736150F6E0D00A2DE88 /* CUViewController.xib in Resources */,
				87869A70151080C40079D8FC /* test.jpg in Resources */,
			);
			runOnlyForDeploymentPostprocessing = 0;
		};
/* End PBXResourcesBuildPhase section */

/* Begin PBXSourcesBuildPhase section */
		8748B717150F6E0C00A2DE88 /* Sources */ = {
			isa = PBXSourcesBuildPhase;
			buildActionMask = 2147483647;
			files = (
				8748B72C150F6E0C00A2DE88 /* main.m in Sources */,
				8748B730150F6E0D00A2DE88 /* CUAppDelegate.m in Sources */,
				8748B733150F6E0D00A2DE88 /* CUViewController.m in Sources */,
				8748B7CA150F6ECD00A2DE88 /* ASIAuthenticationDialog.m in Sources */,
				8748B7CB150F6ECD00A2DE88 /* ASIDataCompressor.m in Sources */,
				8748B7CC150F6ECD00A2DE88 /* ASIDataDecompressor.m in Sources */,
				8748B7CD150F6ECD00A2DE88 /* ASIDownloadCache.m in Sources */,
				8748B7CE150F6ECD00A2DE88 /* ASIFormDataRequest.m in Sources */,
				8748B7CF150F6ECD00A2DE88 /* ASIHTTPRequest.m in Sources */,
				8748B7D0150F6ECD00A2DE88 /* ASIInputStream.m in Sources */,
				8748B7D1150F6ECD00A2DE88 /* ASINetworkQueue.m in Sources */,
				8748B7D2150F6ECD00A2DE88 /* ASIWebPageRequest.m in Sources */,
				8748B7D3150F6ECD00A2DE88 /* ASICloudFilesCDNRequest.m in Sources */,
				8748B7D4150F6ECD00A2DE88 /* ASICloudFilesContainer.m in Sources */,
				8748B7D5150F6ECD00A2DE88 /* ASICloudFilesContainerRequest.m in Sources */,
				8748B7D6150F6ECD00A2DE88 /* ASICloudFilesContainerXMLParserDelegate.m in Sources */,
				8748B7D7150F6ECD00A2DE88 /* ASICloudFilesObject.m in Sources */,
				8748B7D8150F6ECD00A2DE88 /* ASICloudFilesObjectRequest.m in Sources */,
				8748B7D9150F6ECD00A2DE88 /* ASICloudFilesRequest.m in Sources */,
				8748B7DA150F6ECD00A2DE88 /* Reachability.m in Sources */,
				8748B7DB150F6ECD00A2DE88 /* ASIS3Bucket.m in Sources */,
				8748B7DC150F6ECD00A2DE88 /* ASIS3BucketObject.m in Sources */,
				8748B7DD150F6ECD00A2DE88 /* ASIS3BucketRequest.m in Sources */,
				8748B7DE150F6ECD00A2DE88 /* ASIS3ObjectRequest.m in Sources */,
				8748B7DF150F6ECD00A2DE88 /* ASIS3Request.m in Sources */,
				8748B7E0150F6ECD00A2DE88 /* ASIS3ServiceRequest.m in Sources */,
				8748B804150F6EFD00A2DE88 /* CUShareCenter.m in Sources */,
				8748B80F150F7A6800A2DE88 /* CUShareClient.m in Sources */,
				8748B87D150F7F2800A2DE88 /* CUSinaShareClient.m in Sources */,
				87869AB415108C820079D8FC /* Renren.m in Sources */,
				87869AB515108C820079D8FC /* ROBaseDialogViewController.m in Sources */,
				87869AB615108C820079D8FC /* ROCheckDialogViewController.m in Sources */,
				87869AB715108C820079D8FC /* ROWebDialogViewController.m in Sources */,
				87869AB815108C820079D8FC /* ROError.m in Sources */,
				87869AB915108C820079D8FC /* ROBaseNavigationViewController.m in Sources */,
				87869ABA15108C820079D8FC /* ROCheckNavigationViewController.m in Sources */,
				87869ABB15108C820079D8FC /* ROWebNavigationViewController.m in Sources */,
				87869ABC15108C820079D8FC /* ROAlbumsInfoRequestParam.m in Sources */,
				87869ABD15108C820079D8FC /* ROPasswordFlowRequestParam.m in Sources */,
				87869ABE15108C820079D8FC /* RORequestParam.m in Sources */,
				87869ABF15108C820079D8FC /* ROUserInfoRequestParam.m in Sources */,
				87869AC015108C820079D8FC /* ROAlbumResponseltem.m in Sources */,
				87869AC115108C820079D8FC /* ROResponseItem.m in Sources */,
				87869AC215108C820079D8FC /* ROUserResponseItem.m in Sources */,
				87869AC315108C820079D8FC /* RORequest.m in Sources */,
				87869AC415108C820079D8FC /* ROResponse.m in Sources */,
				87869AC515108C820079D8FC /* ROUtility.m in Sources */,
				87869AC915108E700079D8FC /* CURenrenShareClient.m in Sources */,
				87896A4D151187A500D6189C /* WBAuthorize.m in Sources */,
				87896A4E151187A500D6189C /* WBAuthorizeWebView.m in Sources */,
				87896A4F151187A500D6189C /* WBEngine.m in Sources */,
				87896A50151187A500D6189C /* WBLogInAlertView.m in Sources */,
				87896A51151187A500D6189C /* WBRequest.m in Sources */,
				87896A52151187A500D6189C /* WBSendView.m in Sources */,
				87896A53151187A500D6189C /* WBUtil.m in Sources */,
				87896A58151187AB00D6189C /* SFHFKeychainUtils.m in Sources */,
				87896A631511889800D6189C /* GTMBase64.m in Sources */,
				871C1CD215118E78003E510A /* NSObject+SBJSON.m in Sources */,
				871C1CD315118E78003E510A /* NSString+SBJSON.m in Sources */,
				871C1CD415118E78003E510A /* SBJSON.m in Sources */,
				871C1CD515118E78003E510A /* SBJsonBase.m in Sources */,
				871C1CD615118E78003E510A /* SBJsonParser.m in Sources */,
				871C1CD715118E78003E510A /* SBJsonStreamParser.m in Sources */,
				871C1CD815118E78003E510A /* SBJsonStreamParserAccumulator.m in Sources */,
				871C1CD915118E78003E510A /* SBJsonStreamParserAdapter.m in Sources */,
				871C1CDA15118E78003E510A /* SBJsonStreamParserState.m in Sources */,
				871C1CDB15118E78003E510A /* SBJsonStreamWriter.m in Sources */,
				871C1CDC15118E78003E510A /* SBJsonStreamWriterAccumulator.m in Sources */,
				871C1CDD15118E78003E510A /* SBJsonStreamWriterState.m in Sources */,
				871C1CDE15118E78003E510A /* SBJsonTokeniser.m in Sources */,
				871C1CDF15118E78003E510A /* SBJsonUTF8Stream.m in Sources */,
				871C1CE015118E78003E510A /* SBJsonWriter.m in Sources */,
			);
			runOnlyForDeploymentPostprocessing = 0;
		};
/* End PBXSourcesBuildPhase section */

/* Begin PBXVariantGroup section */
		8748B728150F6E0C00A2DE88 /* InfoPlist.strings */ = {
			isa = PBXVariantGroup;
			children = (
				8748B729150F6E0C00A2DE88 /* en */,
			);
			name = InfoPlist.strings;
			sourceTree = "<group>";
		};
		8748B734150F6E0D00A2DE88 /* CUViewController.xib */ = {
			isa = PBXVariantGroup;
			children = (
				8748B735150F6E0D00A2DE88 /* en */,
			);
			name = CUViewController.xib;
			sourceTree = "<group>";
		};
/* End PBXVariantGroup section */

/* Begin XCBuildConfiguration section */
		8748B737150F6E0D00A2DE88 /* Debug */ = {
			isa = XCBuildConfiguration;
			buildSettings = {
				ALWAYS_SEARCH_USER_PATHS = NO;
				ARCHS = "$(ARCHS_STANDARD_32_BIT)";
				"CODE_SIGN_IDENTITY[sdk=iphoneos*]" = "iPhone Developer";
				COPY_PHASE_STRIP = NO;
				GCC_C_LANGUAGE_STANDARD = gnu99;
				GCC_DYNAMIC_NO_PIC = NO;
				GCC_OPTIMIZATION_LEVEL = 0;
				GCC_PREPROCESSOR_DEFINITIONS = (
					"DEBUG=1",
					"$(inherited)",
				);
				GCC_SYMBOLS_PRIVATE_EXTERN = NO;
				GCC_VERSION = com.apple.compilers.llvm.clang.1_0;
				GCC_WARN_ABOUT_RETURN_TYPE = YES;
				GCC_WARN_UNINITIALIZED_AUTOS = YES;
				GCC_WARN_UNUSED_VARIABLE = YES;
				IPHONEOS_DEPLOYMENT_TARGET = 4.3;
				SDKROOT = iphoneos;
				TARGETED_DEVICE_FAMILY = 2;
			};
			name = Debug;
		};
		8748B738150F6E0D00A2DE88 /* Release */ = {
			isa = XCBuildConfiguration;
			buildSettings = {
				ALWAYS_SEARCH_USER_PATHS = NO;
				ARCHS = "$(ARCHS_STANDARD_32_BIT)";
				"CODE_SIGN_IDENTITY[sdk=iphoneos*]" = "iPhone Developer";
				COPY_PHASE_STRIP = YES;
				GCC_C_LANGUAGE_STANDARD = gnu99;
				GCC_VERSION = com.apple.compilers.llvm.clang.1_0;
				GCC_WARN_ABOUT_RETURN_TYPE = YES;
				GCC_WARN_UNINITIALIZED_AUTOS = YES;
				GCC_WARN_UNUSED_VARIABLE = YES;
				IPHONEOS_DEPLOYMENT_TARGET = 4.3;
				OTHER_CFLAGS = "-DNS_BLOCK_ASSERTIONS=1";
				SDKROOT = iphoneos;
				TARGETED_DEVICE_FAMILY = 2;
				VALIDATE_PRODUCT = YES;
			};
			name = Release;
		};
		8748B73A150F6E0D00A2DE88 /* Debug */ = {
			isa = XCBuildConfiguration;
			buildSettings = {
				GCC_PRECOMPILE_PREFIX_HEADER = YES;
				GCC_PREFIX_HEADER = "ShareCenterExample/ShareCenterExample-Prefix.pch";
				HEADER_SEARCH_PATHS = "${SDK_DIR}/usr/include/libxml2";
				INFOPLIST_FILE = "ShareCenterExample/ShareCenterExample-Info.plist";
				IPHONEOS_DEPLOYMENT_TARGET = 4.3;
				LIBRARY_SEARCH_PATHS = "";
				PRODUCT_NAME = "$(TARGET_NAME)";
				TARGETED_DEVICE_FAMILY = "1,2";
				WRAPPER_EXTENSION = app;
			};
			name = Debug;
		};
		8748B73B150F6E0D00A2DE88 /* Release */ = {
			isa = XCBuildConfiguration;
			buildSettings = {
				GCC_PRECOMPILE_PREFIX_HEADER = YES;
				GCC_PREFIX_HEADER = "ShareCenterExample/ShareCenterExample-Prefix.pch";
				HEADER_SEARCH_PATHS = "${SDK_DIR}/usr/include/libxml2";
				INFOPLIST_FILE = "ShareCenterExample/ShareCenterExample-Info.plist";
				IPHONEOS_DEPLOYMENT_TARGET = 4.3;
				LIBRARY_SEARCH_PATHS = "";
				PRODUCT_NAME = "$(TARGET_NAME)";
				TARGETED_DEVICE_FAMILY = "1,2";
				WRAPPER_EXTENSION = app;
			};
			name = Release;
		};
/* End XCBuildConfiguration section */

/* Begin XCConfigurationList section */
		8748B715150F6E0C00A2DE88 /* Build configuration list for PBXProject "ShareCenterExample" */ = {
			isa = XCConfigurationList;
			buildConfigurations = (
				8748B737150F6E0D00A2DE88 /* Debug */,
				8748B738150F6E0D00A2DE88 /* Release */,
			);
			defaultConfigurationIsVisible = 0;
			defaultConfigurationName = Release;
		};
		8748B739150F6E0D00A2DE88 /* Build configuration list for PBXNativeTarget "ShareCenterExample" */ = {
			isa = XCConfigurationList;
			buildConfigurations = (
				8748B73A150F6E0D00A2DE88 /* Debug */,
				8748B73B150F6E0D00A2DE88 /* Release */,
			);
			defaultConfigurationIsVisible = 0;
			defaultConfigurationName = Release;
		};
/* End XCConfigurationList section */
	};
	rootObject = 8748B712150F6E0C00A2DE88 /* Project object */;
}
